
Microsoft Visual Studio Solution File, Format Version 12.00
# Visual Studio Version 17
VisualStudioVersion = 17.3.32804.467
MinimumVisualStudioVersion = 10.0.40219.1
Project("{FAE04EC0-301F-11D3-BF4B-00C04F79EFBC}") = "DataStructures", "DataStructures\DataStructures.csproj", "{20DEBA42-25DD-42B8-82BE-B15B2680A2B0}"
EndProject
Project("{FAE04EC0-301F-11D3-BF4B-00C04F79EFBC}") = "KeyWords", "KeyWords\KeyWords.csproj", "{1C7D8B90-33A0-44A6-AE68-6919987EA85E}"
EndProject
Project("{FAE04EC0-301F-11D3-BF4B-00C04F79EFBC}") = "LINQ", "LINQ\LINQ.csproj", "{B06261C1-C3C6-44A2-9D39-6316E439EAD8}"
EndProject
Project("{FAE04EC0-301F-11D3-BF4B-00C04F79EFBC}") = "SOLID", "SOLID\SOLID.csproj", "{035B721A-72C0-451C-8F57-E6ECA6DD3EFD}"
EndProject
Project("{FAE04EC0-301F-11D3-BF4B-00C04F79EFBC}") = "DesignPatterns", "DesignPatterns\DesignPatterns.csproj", "{2E13BB74-6BF5-4B69-966F-07B531403D08}"
EndProject
Project("{E24C65DC-7377-472B-9ABA-BC803B73C61A}") = "DOM", "DOM\", "{D5EC8B7B-9255-41CA-85D6-A0DBA0CE7EA2}"
	ProjectSection(WebsiteProperties) = preProject
		TargetFrameworkMoniker = ".NETFramework,Version%3Dv4.8"
		Debug.AspNetCompiler.VirtualPath = "/localhost_56253"
		Debug.AspNetCompiler.PhysicalPath = "DOM\"
		Debug.AspNetCompiler.TargetPath = "PrecompiledWeb\localhost_56253\"
		Debug.AspNetCompiler.Updateable = "true"
		Debug.AspNetCompiler.ForceOverwrite = "true"
		Debug.AspNetCompiler.FixedNames = "false"
		Debug.AspNetCompiler.Debug = "True"
		Release.AspNetCompiler.VirtualPath = "/localhost_56253"
		Release.AspNetCompiler.PhysicalPath = "DOM\"
		Release.AspNetCompiler.TargetPath = "PrecompiledWeb\localhost_56253\"
		Release.AspNetCompiler.Updateable = "true"
		Release.AspNetCompiler.ForceOverwrite = "true"
		Release.AspNetCompiler.FixedNames = "false"
		Release.AspNetCompiler.Debug = "False"
		VWDPort = "56253"
		SlnRelativePath = "DOM\"
		DefaultWebSiteLanguage = "Visual C#"
	EndProjectSection
EndProject
Project("{FAE04EC0-301F-11D3-BF4B-00C04F79EFBC}") = "Algorithms.Tests", "Algorithm.Tests\Algorithms.Tests.csproj", "{FB4410DC-3599-4012-A515-A4C117CD652C}"
EndProject
Project("{FAE04EC0-301F-11D3-BF4B-00C04F79EFBC}") = "CSharpUnsafeCode", "CSharpUnsafeCode\CSharpUnsafeCode.csproj", "{EB2C5897-04BB-4748-9585-85B82A237E5F}"
EndProject
Project("{FAE04EC0-301F-11D3-BF4B-00C04F79EFBC}") = "Memoization and Dynamic Programming", "Memoization and Dynamic Programming\Memoization and Dynamic Programming.csproj", "{68213E9F-F94C-4679-AAAF-4F03BC4CF47E}"
EndProject
Project("{FAE04EC0-301F-11D3-BF4B-00C04F79EFBC}") = "DataStructuresTests", "DataStructuresTests\DataStructuresTests.csproj", "{E5B69000-B3FA-4685-9659-D92A4341B2DA}"
EndProject
Project("{9A19103F-16F7-4668-BE54-9A1E7A4F7556}") = "FunctionalProgramming", "FunctionalProgramming\FunctionalProgramming.csproj", "{78ABCF9F-2A9A-405C-B7E9-D94186F40089}"
EndProject
Project("{9A19103F-16F7-4668-BE54-9A1E7A4F7556}") = "Algorithms", "Algorithms\Algorithms.csproj", "{B4FE0F92-7E54-4B07-A495-D352A1F8C567}"
EndProject
Global
	GlobalSection(SolutionConfigurationPlatforms) = preSolution
		Debug|Any CPU = Debug|Any CPU
		Debug|ARM = Debug|ARM
		Debug|x64 = Debug|x64
		Debug|x86 = Debug|x86
		Release|Any CPU = Release|Any CPU
		Release|ARM = Release|ARM
		Release|x64 = Release|x64
		Release|x86 = Release|x86
	EndGlobalSection
	GlobalSection(ProjectConfigurationPlatforms) = postSolution
		{20DEBA42-25DD-42B8-82BE-B15B2680A2B0}.Debug|Any CPU.ActiveCfg = Debug|Any CPU
		{20DEBA42-25DD-42B8-82BE-B15B2680A2B0}.Debug|Any CPU.Build.0 = Debug|Any CPU
		{20DEBA42-25DD-42B8-82BE-B15B2680A2B0}.Debug|ARM.ActiveCfg = Debug|Any CPU
		{20DEBA42-25DD-42B8-82BE-B15B2680A2B0}.Debug|ARM.Build.0 = Debug|Any CPU
		{20DEBA42-25DD-42B8-82BE-B15B2680A2B0}.Debug|x64.ActiveCfg = Debug|Any CPU
		{20DEBA42-25DD-42B8-82BE-B15B2680A2B0}.Debug|x64.Build.0 = Debug|Any CPU
		{20DEBA42-25DD-42B8-82BE-B15B2680A2B0}.Debug|x86.ActiveCfg = Debug|Any CPU
		{20DEBA42-25DD-42B8-82BE-B15B2680A2B0}.Debug|x86.Build.0 = Debug|Any CPU
		{20DEBA42-25DD-42B8-82BE-B15B2680A2B0}.Release|Any CPU.ActiveCfg = Release|Any CPU
		{20DEBA42-25DD-42B8-82BE-B15B2680A2B0}.Release|Any CPU.Build.0 = Release|Any CPU
		{20DEBA42-25DD-42B8-82BE-B15B2680A2B0}.Release|ARM.ActiveCfg = Release|Any CPU
		{20DEBA42-25DD-42B8-82BE-B15B2680A2B0}.Release|ARM.Build.0 = Release|Any CPU
		{20DEBA42-25DD-42B8-82BE-B15B2680A2B0}.Release|x64.ActiveCfg = Release|Any CPU
		{20DEBA42-25DD-42B8-82BE-B15B2680A2B0}.Release|x64.Build.0 = Release|Any CPU
		{20DEBA42-25DD-42B8-82BE-B15B2680A2B0}.Release|x86.ActiveCfg = Release|Any CPU
		{20DEBA42-25DD-42B8-82BE-B15B2680A2B0}.Release|x86.Build.0 = Release|Any CPU
		{1C7D8B90-33A0-44A6-AE68-6919987EA85E}.Debug|Any CPU.ActiveCfg = Debug|Any CPU
		{1C7D8B90-33A0-44A6-AE68-6919987EA85E}.Debug|Any CPU.Build.0 = Debug|Any CPU
		{1C7D8B90-33A0-44A6-AE68-6919987EA85E}.Debug|ARM.ActiveCfg = Debug|Any CPU
		{1C7D8B90-33A0-44A6-AE68-6919987EA85E}.Debug|ARM.Build.0 = Debug|Any CPU
		{1C7D8B90-33A0-44A6-AE68-6919987EA85E}.Debug|x64.ActiveCfg = Debug|Any CPU
		{1C7D8B90-33A0-44A6-AE68-6919987EA85E}.Debug|x64.Build.0 = Debug|Any CPU
		{1C7D8B90-33A0-44A6-AE68-6919987EA85E}.Debug|x86.ActiveCfg = Debug|Any CPU
		{1C7D8B90-33A0-44A6-AE68-6919987EA85E}.Debug|x86.Build.0 = Debug|Any CPU
		{1C7D8B90-33A0-44A6-AE68-6919987EA85E}.Release|Any CPU.ActiveCfg = Release|Any CPU
		{1C7D8B90-33A0-44A6-AE68-6919987EA85E}.Release|Any CPU.Build.0 = Release|Any CPU
		{1C7D8B90-33A0-44A6-AE68-6919987EA85E}.Release|ARM.ActiveCfg = Release|Any CPU
		{1C7D8B90-33A0-44A6-AE68-6919987EA85E}.Release|ARM.Build.0 = Release|Any CPU
		{1C7D8B90-33A0-44A6-AE68-6919987EA85E}.Release|x64.ActiveCfg = Release|Any CPU
		{1C7D8B90-33A0-44A6-AE68-6919987EA85E}.Release|x64.Build.0 = Release|Any CPU
		{1C7D8B90-33A0-44A6-AE68-6919987EA85E}.Release|x86.ActiveCfg = Release|Any CPU
		{1C7D8B90-33A0-44A6-AE68-6919987EA85E}.Release|x86.Build.0 = Release|Any CPU
		{B06261C1-C3C6-44A2-9D39-6316E439EAD8}.Debug|Any CPU.ActiveCfg = Debug|Any CPU
		{B06261C1-C3C6-44A2-9D39-6316E439EAD8}.Debug|Any CPU.Build.0 = Debug|Any CPU
		{B06261C1-C3C6-44A2-9D39-6316E439EAD8}.Debug|ARM.ActiveCfg = Debug|Any CPU
		{B06261C1-C3C6-44A2-9D39-6316E439EAD8}.Debug|ARM.Build.0 = Debug|Any CPU
		{B06261C1-C3C6-44A2-9D39-6316E439EAD8}.Debug|x64.ActiveCfg = Debug|Any CPU
		{B06261C1-C3C6-44A2-9D39-6316E439EAD8}.Debug|x64.Build.0 = Debug|Any CPU
		{B06261C1-C3C6-44A2-9D39-6316E439EAD8}.Debug|x86.ActiveCfg = Debug|Any CPU
		{B06261C1-C3C6-44A2-9D39-6316E439EAD8}.Debug|x86.Build.0 = Debug|Any CPU
		{B06261C1-C3C6-44A2-9D39-6316E439EAD8}.Release|Any CPU.ActiveCfg = Release|Any CPU
		{B06261C1-C3C6-44A2-9D39-6316E439EAD8}.Release|Any CPU.Build.0 = Release|Any CPU
		{B06261C1-C3C6-44A2-9D39-6316E439EAD8}.Release|ARM.ActiveCfg = Release|Any CPU
		{B06261C1-C3C6-44A2-9D39-6316E439EAD8}.Release|ARM.Build.0 = Release|Any CPU
		{B06261C1-C3C6-44A2-9D39-6316E439EAD8}.Release|x64.ActiveCfg = Release|Any CPU
		{B06261C1-C3C6-44A2-9D39-6316E439EAD8}.Release|x64.Build.0 = Release|Any CPU
		{B06261C1-C3C6-44A2-9D39-6316E439EAD8}.Release|x86.ActiveCfg = Release|Any CPU
		{B06261C1-C3C6-44A2-9D39-6316E439EAD8}.Release|x86.Build.0 = Release|Any CPU
		{035B721A-72C0-451C-8F57-E6ECA6DD3EFD}.Debug|Any CPU.ActiveCfg = Debug|Any CPU
		{035B721A-72C0-451C-8F57-E6ECA6DD3EFD}.Debug|Any CPU.Build.0 = Debug|Any CPU
		{035B721A-72C0-451C-8F57-E6ECA6DD3EFD}.Debug|ARM.ActiveCfg = Debug|Any CPU
		{035B721A-72C0-451C-8F57-E6ECA6DD3EFD}.Debug|ARM.Build.0 = Debug|Any CPU
		{035B721A-72C0-451C-8F57-E6ECA6DD3EFD}.Debug|x64.ActiveCfg = Debug|Any CPU
		{035B721A-72C0-451C-8F57-E6ECA6DD3EFD}.Debug|x64.Build.0 = Debug|Any CPU
		{035B721A-72C0-451C-8F57-E6ECA6DD3EFD}.Debug|x86.ActiveCfg = Debug|Any CPU
		{035B721A-72C0-451C-8F57-E6ECA6DD3EFD}.Debug|x86.Build.0 = Debug|Any CPU
		{035B721A-72C0-451C-8F57-E6ECA6DD3EFD}.Release|Any CPU.ActiveCfg = Release|Any CPU
		{035B721A-72C0-451C-8F57-E6ECA6DD3EFD}.Release|Any CPU.Build.0 = Release|Any CPU
		{035B721A-72C0-451C-8F57-E6ECA6DD3EFD}.Release|ARM.ActiveCfg = Release|Any CPU
		{035B721A-72C0-451C-8F57-E6ECA6DD3EFD}.Release|ARM.Build.0 = Release|Any CPU
		{035B721A-72C0-451C-8F57-E6ECA6DD3EFD}.Release|x64.ActiveCfg = Release|Any CPU
		{035B721A-72C0-451C-8F57-E6ECA6DD3EFD}.Release|x64.Build.0 = Release|Any CPU
		{035B721A-72C0-451C-8F57-E6ECA6DD3EFD}.Release|x86.ActiveCfg = Release|Any CPU
		{035B721A-72C0-451C-8F57-E6ECA6DD3EFD}.Release|x86.Build.0 = Release|Any CPU
		{2E13BB74-6BF5-4B69-966F-07B531403D08}.Debug|Any CPU.ActiveCfg = Debug|Any CPU
		{2E13BB74-6BF5-4B69-966F-07B531403D08}.Debug|Any CPU.Build.0 = Debug|Any CPU
		{2E13BB74-6BF5-4B69-966F-07B531403D08}.Debug|ARM.ActiveCfg = Debug|Any CPU
		{2E13BB74-6BF5-4B69-966F-07B531403D08}.Debug|ARM.Build.0 = Debug|Any CPU
		{2E13BB74-6BF5-4B69-966F-07B531403D08}.Debug|x64.ActiveCfg = Debug|Any CPU
		{2E13BB74-6BF5-4B69-966F-07B531403D08}.Debug|x64.Build.0 = Debug|Any CPU
		{2E13BB74-6BF5-4B69-966F-07B531403D08}.Debug|x86.ActiveCfg = Debug|Any CPU
		{2E13BB74-6BF5-4B69-966F-07B531403D08}.Debug|x86.Build.0 = Debug|Any CPU
		{2E13BB74-6BF5-4B69-966F-07B531403D08}.Release|Any CPU.ActiveCfg = Release|Any CPU
		{2E13BB74-6BF5-4B69-966F-07B531403D08}.Release|Any CPU.Build.0 = Release|Any CPU
		{2E13BB74-6BF5-4B69-966F-07B531403D08}.Release|ARM.ActiveCfg = Release|Any CPU
		{2E13BB74-6BF5-4B69-966F-07B531403D08}.Release|ARM.Build.0 = Release|Any CPU
		{2E13BB74-6BF5-4B69-966F-07B531403D08}.Release|x64.ActiveCfg = Release|Any CPU
		{2E13BB74-6BF5-4B69-966F-07B531403D08}.Release|x64.Build.0 = Release|Any CPU
		{2E13BB74-6BF5-4B69-966F-07B531403D08}.Release|x86.ActiveCfg = Release|Any CPU
		{2E13BB74-6BF5-4B69-966F-07B531403D08}.Release|x86.Build.0 = Release|Any CPU
		{D5EC8B7B-9255-41CA-85D6-A0DBA0CE7EA2}.Debug|Any CPU.ActiveCfg = Debug|Any CPU
		{D5EC8B7B-9255-41CA-85D6-A0DBA0CE7EA2}.Debug|Any CPU.Build.0 = Debug|Any CPU
		{D5EC8B7B-9255-41CA-85D6-A0DBA0CE7EA2}.Debug|ARM.ActiveCfg = Debug|Any CPU
		{D5EC8B7B-9255-41CA-85D6-A0DBA0CE7EA2}.Debug|ARM.Build.0 = Debug|Any CPU
		{D5EC8B7B-9255-41CA-85D6-A0DBA0CE7EA2}.Debug|x64.ActiveCfg = Debug|Any CPU
		{D5EC8B7B-9255-41CA-85D6-A0DBA0CE7EA2}.Debug|x64.Build.0 = Debug|Any CPU
		{D5EC8B7B-9255-41CA-85D6-A0DBA0CE7EA2}.Debug|x86.ActiveCfg = Debug|Any CPU
		{D5EC8B7B-9255-41CA-85D6-A0DBA0CE7EA2}.Debug|x86.Build.0 = Debug|Any CPU
		{D5EC8B7B-9255-41CA-85D6-A0DBA0CE7EA2}.Release|Any CPU.ActiveCfg = Debug|Any CPU
		{D5EC8B7B-9255-41CA-85D6-A0DBA0CE7EA2}.Release|Any CPU.Build.0 = Debug|Any CPU
		{D5EC8B7B-9255-41CA-85D6-A0DBA0CE7EA2}.Release|ARM.ActiveCfg = Debug|Any CPU
		{D5EC8B7B-9255-41CA-85D6-A0DBA0CE7EA2}.Release|ARM.Build.0 = Debug|Any CPU
		{D5EC8B7B-9255-41CA-85D6-A0DBA0CE7EA2}.Release|x64.ActiveCfg = Debug|Any CPU
		{D5EC8B7B-9255-41CA-85D6-A0DBA0CE7EA2}.Release|x64.Build.0 = Debug|Any CPU
		{D5EC8B7B-9255-41CA-85D6-A0DBA0CE7EA2}.Release|x86.ActiveCfg = Debug|Any CPU
		{D5EC8B7B-9255-41CA-85D6-A0DBA0CE7EA2}.Release|x86.Build.0 = Debug|Any CPU
		{FB4410DC-3599-4012-A515-A4C117CD652C}.Debug|Any CPU.ActiveCfg = Debug|Any CPU
		{FB4410DC-3599-4012-A515-A4C117CD652C}.Debug|Any CPU.Build.0 = Debug|Any CPU
		{FB4410DC-3599-4012-A515-A4C117CD652C}.Debug|ARM.ActiveCfg = Debug|Any CPU
		{FB4410DC-3599-4012-A515-A4C117CD652C}.Debug|ARM.Build.0 = Debug|Any CPU
		{FB4410DC-3599-4012-A515-A4C117CD652C}.Debug|x64.ActiveCfg = Debug|Any CPU
		{FB4410DC-3599-4012-A515-A4C117CD652C}.Debug|x64.Build.0 = Debug|Any CPU
		{FB4410DC-3599-4012-A515-A4C117CD652C}.Debug|x86.ActiveCfg = Debug|Any CPU
		{FB4410DC-3599-4012-A515-A4C117CD652C}.Debug|x86.Build.0 = Debug|Any CPU
		{FB4410DC-3599-4012-A515-A4C117CD652C}.Release|Any CPU.ActiveCfg = Release|Any CPU
		{FB4410DC-3599-4012-A515-A4C117CD652C}.Release|Any CPU.Build.0 = Release|Any CPU
		{FB4410DC-3599-4012-A515-A4C117CD652C}.Release|ARM.ActiveCfg = Release|Any CPU
		{FB4410DC-3599-4012-A515-A4C117CD652C}.Release|ARM.Build.0 = Release|Any CPU
		{FB4410DC-3599-4012-A515-A4C117CD652C}.Release|x64.ActiveCfg = Release|Any CPU
		{FB4410DC-3599-4012-A515-A4C117CD652C}.Release|x64.Build.0 = Release|Any CPU
		{FB4410DC-3599-4012-A515-A4C117CD652C}.Release|x86.ActiveCfg = Release|Any CPU
		{FB4410DC-3599-4012-A515-A4C117CD652C}.Release|x86.Build.0 = Release|Any CPU
		{EB2C5897-04BB-4748-9585-85B82A237E5F}.Debug|Any CPU.ActiveCfg = Debug|Any CPU
		{EB2C5897-04BB-4748-9585-85B82A237E5F}.Debug|Any CPU.Build.0 = Debug|Any CPU
		{EB2C5897-04BB-4748-9585-85B82A237E5F}.Debug|ARM.ActiveCfg = Debug|Any CPU
		{EB2C5897-04BB-4748-9585-85B82A237E5F}.Debug|ARM.Build.0 = Debug|Any CPU
		{EB2C5897-04BB-4748-9585-85B82A237E5F}.Debug|x64.ActiveCfg = Debug|Any CPU
		{EB2C5897-04BB-4748-9585-85B82A237E5F}.Debug|x64.Build.0 = Debug|Any CPU
		{EB2C5897-04BB-4748-9585-85B82A237E5F}.Debug|x86.ActiveCfg = Debug|Any CPU
		{EB2C5897-04BB-4748-9585-85B82A237E5F}.Debug|x86.Build.0 = Debug|Any CPU
		{EB2C5897-04BB-4748-9585-85B82A237E5F}.Release|Any CPU.ActiveCfg = Release|Any CPU
		{EB2C5897-04BB-4748-9585-85B82A237E5F}.Release|Any CPU.Build.0 = Release|Any CPU
		{EB2C5897-04BB-4748-9585-85B82A237E5F}.Release|ARM.ActiveCfg = Release|Any CPU
		{EB2C5897-04BB-4748-9585-85B82A237E5F}.Release|ARM.Build.0 = Release|Any CPU
		{EB2C5897-04BB-4748-9585-85B82A237E5F}.Release|x64.ActiveCfg = Release|Any CPU
		{EB2C5897-04BB-4748-9585-85B82A237E5F}.Release|x64.Build.0 = Release|Any CPU
		{EB2C5897-04BB-4748-9585-85B82A237E5F}.Release|x86.ActiveCfg = Release|Any CPU
		{EB2C5897-04BB-4748-9585-85B82A237E5F}.Release|x86.Build.0 = Release|Any CPU
		{68213E9F-F94C-4679-AAAF-4F03BC4CF47E}.Debug|Any CPU.ActiveCfg = Debug|Any CPU
		{68213E9F-F94C-4679-AAAF-4F03BC4CF47E}.Debug|Any CPU.Build.0 = Debug|Any CPU
		{68213E9F-F94C-4679-AAAF-4F03BC4CF47E}.Debug|ARM.ActiveCfg = Debug|Any CPU
		{68213E9F-F94C-4679-AAAF-4F03BC4CF47E}.Debug|ARM.Build.0 = Debug|Any CPU
		{68213E9F-F94C-4679-AAAF-4F03BC4CF47E}.Debug|x64.ActiveCfg = Debug|Any CPU
		{68213E9F-F94C-4679-AAAF-4F03BC4CF47E}.Debug|x64.Build.0 = Debug|Any CPU
		{68213E9F-F94C-4679-AAAF-4F03BC4CF47E}.Debug|x86.ActiveCfg = Debug|Any CPU
		{68213E9F-F94C-4679-AAAF-4F03BC4CF47E}.Debug|x86.Build.0 = Debug|Any CPU
		{68213E9F-F94C-4679-AAAF-4F03BC4CF47E}.Release|Any CPU.ActiveCfg = Release|Any CPU
		{68213E9F-F94C-4679-AAAF-4F03BC4CF47E}.Release|Any CPU.Build.0 = Release|Any CPU
		{68213E9F-F94C-4679-AAAF-4F03BC4CF47E}.Release|ARM.ActiveCfg = Release|Any CPU
		{68213E9F-F94C-4679-AAAF-4F03BC4CF47E}.Release|ARM.Build.0 = Release|Any CPU
		{68213E9F-F94C-4679-AAAF-4F03BC4CF47E}.Release|x64.ActiveCfg = Release|Any CPU
		{68213E9F-F94C-4679-AAAF-4F03BC4CF47E}.Release|x64.Build.0 = Release|Any CPU
		{68213E9F-F94C-4679-AAAF-4F03BC4CF47E}.Release|x86.ActiveCfg = Release|Any CPU
		{68213E9F-F94C-4679-AAAF-4F03BC4CF47E}.Release|x86.Build.0 = Release|Any CPU
		{E5B69000-B3FA-4685-9659-D92A4341B2DA}.Debug|Any CPU.ActiveCfg = Debug|Any CPU
		{E5B69000-B3FA-4685-9659-D92A4341B2DA}.Debug|Any CPU.Build.0 = Debug|Any CPU
		{E5B69000-B3FA-4685-9659-D92A4341B2DA}.Debug|ARM.ActiveCfg = Debug|Any CPU
		{E5B69000-B3FA-4685-9659-D92A4341B2DA}.Debug|ARM.Build.0 = Debug|Any CPU
		{E5B69000-B3FA-4685-9659-D92A4341B2DA}.Debug|x64.ActiveCfg = Debug|Any CPU
		{E5B69000-B3FA-4685-9659-D92A4341B2DA}.Debug|x64.Build.0 = Debug|Any CPU
		{E5B69000-B3FA-4685-9659-D92A4341B2DA}.Debug|x86.ActiveCfg = Debug|Any CPU
		{E5B69000-B3FA-4685-9659-D92A4341B2DA}.Debug|x86.Build.0 = Debug|Any CPU
		{E5B69000-B3FA-4685-9659-D92A4341B2DA}.Release|Any CPU.ActiveCfg = Release|Any CPU
		{E5B69000-B3FA-4685-9659-D92A4341B2DA}.Release|Any CPU.Build.0 = Release|Any CPU
		{E5B69000-B3FA-4685-9659-D92A4341B2DA}.Release|ARM.ActiveCfg = Release|Any CPU
		{E5B69000-B3FA-4685-9659-D92A4341B2DA}.Release|ARM.Build.0 = Release|Any CPU
		{E5B69000-B3FA-4685-9659-D92A4341B2DA}.Release|x64.ActiveCfg = Release|Any CPU
		{E5B69000-B3FA-4685-9659-D92A4341B2DA}.Release|x64.Build.0 = Release|Any CPU
		{E5B69000-B3FA-4685-9659-D92A4341B2DA}.Release|x86.ActiveCfg = Release|Any CPU
		{E5B69000-B3FA-4685-9659-D92A4341B2DA}.Release|x86.Build.0 = Release|Any CPU
		{78ABCF9F-2A9A-405C-B7E9-D94186F40089}.Debug|Any CPU.ActiveCfg = Debug|Any CPU
		{78ABCF9F-2A9A-405C-B7E9-D94186F40089}.Debug|Any CPU.Build.0 = Debug|Any CPU
		{78ABCF9F-2A9A-405C-B7E9-D94186F40089}.Debug|ARM.ActiveCfg = Debug|Any CPU
		{78ABCF9F-2A9A-405C-B7E9-D94186F40089}.Debug|ARM.Build.0 = Debug|Any CPU
		{78ABCF9F-2A9A-405C-B7E9-D94186F40089}.Debug|x64.ActiveCfg = Debug|Any CPU
		{78ABCF9F-2A9A-405C-B7E9-D94186F40089}.Debug|x64.Build.0 = Debug|Any CPU
		{78ABCF9F-2A9A-405C-B7E9-D94186F40089}.Debug|x86.ActiveCfg = Debug|Any CPU
		{78ABCF9F-2A9A-405C-B7E9-D94186F40089}.Debug|x86.Build.0 = Debug|Any CPU
		{78ABCF9F-2A9A-405C-B7E9-D94186F40089}.Release|Any CPU.ActiveCfg = Release|Any CPU
		{78ABCF9F-2A9A-405C-B7E9-D94186F40089}.Release|Any CPU.Build.0 = Release|Any CPU
		{78ABCF9F-2A9A-405C-B7E9-D94186F40089}.Release|ARM.ActiveCfg = Release|Any CPU
		{78ABCF9F-2A9A-405C-B7E9-D94186F40089}.Release|ARM.Build.0 = Release|Any CPU
		{78ABCF9F-2A9A-405C-B7E9-D94186F40089}.Release|x64.ActiveCfg = Release|Any CPU
		{78ABCF9F-2A9A-405C-B7E9-D94186F40089}.Release|x64.Build.0 = Release|Any CPU
		{78ABCF9F-2A9A-405C-B7E9-D94186F40089}.Release|x86.ActiveCfg = Release|Any CPU
		{78ABCF9F-2A9A-405C-B7E9-D94186F40089}.Release|x86.Build.0 = Release|Any CPU
		{B4FE0F92-7E54-4B07-A495-D352A1F8C567}.Debug|Any CPU.ActiveCfg = Debug|Any CPU
		{B4FE0F92-7E54-4B07-A495-D352A1F8C567}.Debug|Any CPU.Build.0 = Debug|Any CPU
		{B4FE0F92-7E54-4B07-A495-D352A1F8C567}.Debug|ARM.ActiveCfg = Debug|Any CPU
		{B4FE0F92-7E54-4B07-A495-D352A1F8C567}.Debug|ARM.Build.0 = Debug|Any CPU
		{B4FE0F92-7E54-4B07-A495-D352A1F8C567}.Debug|x64.ActiveCfg = Debug|Any CPU
		{B4FE0F92-7E54-4B07-A495-D352A1F8C567}.Debug|x64.Build.0 = Debug|Any CPU
		{B4FE0F92-7E54-4B07-A495-D352A1F8C567}.Debug|x86.ActiveCfg = Debug|Any CPU
		{B4FE0F92-7E54-4B07-A495-D352A1F8C567}.Debug|x86.Build.0 = Debug|Any CPU
		{B4FE0F92-7E54-4B07-A495-D352A1F8C567}.Release|Any CPU.ActiveCfg = Release|Any CPU
		{B4FE0F92-7E54-4B07-A495-D352A1F8C567}.Release|Any CPU.Build.0 = Release|Any CPU
		{B4FE0F92-7E54-4B07-A495-D352A1F8C567}.Release|ARM.ActiveCfg = Release|Any CPU
		{B4FE0F92-7E54-4B07-A495-D352A1F8C567}.Release|ARM.Build.0 = Release|Any CPU
		{B4FE0F92-7E54-4B07-A495-D352A1F8C567}.Release|x64.ActiveCfg = Release|Any CPU
		{B4FE0F92-7E54-4B07-A495-D352A1F8C567}.Release|x64.Build.0 = Release|Any CPU
		{B4FE0F92-7E54-4B07-A495-D352A1F8C567}.Release|x86.ActiveCfg = Release|Any CPU
		{B4FE0F92-7E54-4B07-A495-D352A1F8C567}.Release|x86.Build.0 = Release|Any CPU
	EndGlobalSection
	GlobalSection(SolutionProperties) = preSolution
		HideSolutionNode = FALSE
	EndGlobalSection
	GlobalSection(ExtensibilityGlobals) = postSolution
		SolutionGuid = {907DAFAF-D185-483B-9EAD-70A79C11F23D}
	EndGlobalSection
EndGlobal
