
Microsoft Visual Studio Solution File, Format Version 12.00
# Visual Studio Version 17
VisualStudioVersion = 17.3.32804.467
MinimumVisualStudioVersion = 10.0.40219.1
Project("{FAE04EC0-301F-11D3-BF4B-00C04F79EFBC}") = "ProgrammingLessons", "ProgrammingLessons\ProgrammingLessons.csproj", "{160C61BB-487C-4B48-AAB7-ACE4945E3513}"
EndProject
Project("{FAE04EC0-301F-11D3-BF4B-00C04F79EFBC}") = "DataStructures", "DataStructures\DataStructures.csproj", "{20DEBA42-25DD-42B8-82BE-B15B2680A2B0}"
EndProject
Project("{FAE04EC0-301F-11D3-BF4B-00C04F79EFBC}") = "KeyWords", "KeyWords\KeyWords.csproj", "{1C7D8B90-33A0-44A6-AE68-6919987EA85E}"
EndProject
Project("{FAE04EC0-301F-11D3-BF4B-00C04F79EFBC}") = "LINQ", "LINQ\LINQ.csproj", "{B06261C1-C3C6-44A2-9D39-6316E439EAD8}"
EndProject
Project("{FAE04EC0-301F-11D3-BF4B-00C04F79EFBC}") = "SOLID", "SOLID\SOLID.csproj", "{035B721A-72C0-451C-8F57-E6ECA6DD3EFD}"
EndProject
Project("{FAE04EC0-301F-11D3-BF4B-00C04F79EFBC}") = "DesignPatterns", "DesignPatterns\DesignPatterns.csproj", "{2E13BB74-6BF5-4B69-966F-07B531403D08}"
EndProject
Project("{E24C65DC-7377-472B-9ABA-BC803B73C61A}") = "DOM", "DOM\", "{D5EC8B7B-9255-41CA-85D6-A0DBA0CE7EA2}"
	ProjectSection(WebsiteProperties) = preProject
		TargetFrameworkMoniker = ".NETFramework,Version%3Dv4.6"
		Debug.AspNetCompiler.VirtualPath = "/localhost_56253"
		Debug.AspNetCompiler.PhysicalPath = "DOM\"
		Debug.AspNetCompiler.TargetPath = "PrecompiledWeb\localhost_56253\"
		Debug.AspNetCompiler.Updateable = "true"
		Debug.AspNetCompiler.ForceOverwrite = "true"
		Debug.AspNetCompiler.FixedNames = "false"
		Debug.AspNetCompiler.Debug = "True"
		Release.AspNetCompiler.VirtualPath = "/localhost_56253"
		Release.AspNetCompiler.PhysicalPath = "DOM\"
		Release.AspNetCompiler.TargetPath = "PrecompiledWeb\localhost_56253\"
		Release.AspNetCompiler.Updateable = "true"
		Release.AspNetCompiler.ForceOverwrite = "true"
		Release.AspNetCompiler.FixedNames = "false"
		Release.AspNetCompiler.Debug = "False"
		VWDPort = "56253"
		SlnRelativePath = "DOM\"
		DefaultWebSiteLanguage = "Visual C#"
	EndProjectSection
EndProject
Project("{2150E333-8FDC-42A3-9474-1A3956D46DE8}") = "DI.NET", "DI.NET", "{2C9B6AC8-A0D2-4AA0-9309-4A326E0DB9B4}"
EndProject
Project("{2150E333-8FDC-42A3-9474-1A3956D46DE8}") = "HelloDI", "HelloDI", "{44E741DD-0D95-4390-A889-669349E460FD}"
EndProject
Project("{FAE04EC0-301F-11D3-BF4B-00C04F79EFBC}") = "HelloDIConsole", "DIi.NET_SourceCode\HelloDI\HelloDIConsole\HelloDIConsole.csproj", "{D894CEC8-6A07-4FE3-B7B9-5C58F1EDAA35}"
EndProject
Project("{FAE04EC0-301F-11D3-BF4B-00C04F79EFBC}") = "HelloDIUnitTest", "DIi.NET_SourceCode\HelloDI\HelloDIUnitTest\HelloDIUnitTest.csproj", "{70AEC371-FC04-438D-9DBF-5ED5E0CEB960}"
EndProject
Project("{2150E333-8FDC-42A3-9474-1A3956D46DE8}") = "MarysECommerce", "MarysECommerce", "{A66FC4DE-2A6E-4D56-9BC4-BDE08A5F69FB}"
	ProjectSection(SolutionItems) = preProject
		DIi.NET_SourceCode\MarysECommerce\FeaturedProducts.sql = DIi.NET_SourceCode\MarysECommerce\FeaturedProducts.sql
		DIi.NET_SourceCode\MarysECommerce\MarysECommerce.NDependProject.xml = DIi.NET_SourceCode\MarysECommerce\MarysECommerce.NDependProject.xml
		DIi.NET_SourceCode\MarysECommerce\PopulateDB.sql = DIi.NET_SourceCode\MarysECommerce\PopulateDB.sql
	EndProjectSection
EndProject
Project("{FAE04EC0-301F-11D3-BF4B-00C04F79EFBC}") = "DomainLogic", "DIi.NET_SourceCode\MarysECommerce\DomainLogic\DomainLogic.csproj", "{BFB0864C-68BD-409A-9A82-52669F44E400}"
EndProject
Project("{FAE04EC0-301F-11D3-BF4B-00C04F79EFBC}") = "SqlDataAccess", "DIi.NET_SourceCode\MarysECommerce\SqlDataAccess\SqlDataAccess.csproj", "{B6D0D291-DB7A-4C0D-9820-EC1DA161A763}"
EndProject
Project("{FAE04EC0-301F-11D3-BF4B-00C04F79EFBC}") = "Algorithms.Tests", "Algorithm.Tests\Algorithms.Tests.csproj", "{FB4410DC-3599-4012-A515-A4C117CD652C}"
EndProject
Project("{FAE04EC0-301F-11D3-BF4B-00C04F79EFBC}") = "XMLParsing", "XMLParsing\XMLParsing.csproj", "{15FF1794-9E29-4FD8-8FC6-D55556D2442C}"
EndProject
Project("{FAE04EC0-301F-11D3-BF4B-00C04F79EFBC}") = "ASPRazorDBApp", "ASPRazorDBApp\ASPRazorDBApp.csproj", "{CA326580-F6E8-43E2-99E0-90FD58C655CC}"
EndProject
Project("{FAE04EC0-301F-11D3-BF4B-00C04F79EFBC}") = "CSharpUnsafeCode", "CSharpUnsafeCode\CSharpUnsafeCode.csproj", "{EB2C5897-04BB-4748-9585-85B82A237E5F}"
EndProject
Project("{FAE04EC0-301F-11D3-BF4B-00C04F79EFBC}") = "Memoization and Dynamic Programming", "Memoization and Dynamic Programming\Memoization and Dynamic Programming.csproj", "{68213E9F-F94C-4679-AAAF-4F03BC4CF47E}"
EndProject
Project("{FAE04EC0-301F-11D3-BF4B-00C04F79EFBC}") = "LanguageFeatures.Tests", "LanguageFeatures.Tests\LanguageFeatures.Tests.csproj", "{3EFEF928-DECF-4432-B78B-2BE0664E5B71}"
EndProject
Project("{FAE04EC0-301F-11D3-BF4B-00C04F79EFBC}") = "DataStructuresTests", "DataStructuresTests\DataStructuresTests.csproj", "{E5B69000-B3FA-4685-9659-D92A4341B2DA}"
EndProject
Project("{9A19103F-16F7-4668-BE54-9A1E7A4F7556}") = "FunctionalProgramming", "FunctionalProgramming\FunctionalProgramming.csproj", "{78ABCF9F-2A9A-405C-B7E9-D94186F40089}"
EndProject
Project("{9A19103F-16F7-4668-BE54-9A1E7A4F7556}") = "Algorithms", "Algorithms\Algorithms.csproj", "{B4FE0F92-7E54-4B07-A495-D352A1F8C567}"
EndProject
Global
	GlobalSection(SolutionConfigurationPlatforms) = preSolution
		Debug|Any CPU = Debug|Any CPU
		Debug|ARM = Debug|ARM
		Debug|x64 = Debug|x64
		Debug|x86 = Debug|x86
		Release|Any CPU = Release|Any CPU
		Release|ARM = Release|ARM
		Release|x64 = Release|x64
		Release|x86 = Release|x86
	EndGlobalSection
	GlobalSection(ProjectConfigurationPlatforms) = postSolution
		{160C61BB-487C-4B48-AAB7-ACE4945E3513}.Debug|Any CPU.ActiveCfg = Debug|Any CPU
		{160C61BB-487C-4B48-AAB7-ACE4945E3513}.Debug|Any CPU.Build.0 = Debug|Any CPU
		{160C61BB-487C-4B48-AAB7-ACE4945E3513}.Debug|ARM.ActiveCfg = Debug|Any CPU
		{160C61BB-487C-4B48-AAB7-ACE4945E3513}.Debug|ARM.Build.0 = Debug|Any CPU
		{160C61BB-487C-4B48-AAB7-ACE4945E3513}.Debug|x64.ActiveCfg = Debug|Any CPU
		{160C61BB-487C-4B48-AAB7-ACE4945E3513}.Debug|x64.Build.0 = Debug|Any CPU
		{160C61BB-487C-4B48-AAB7-ACE4945E3513}.Debug|x86.ActiveCfg = Debug|Any CPU
		{160C61BB-487C-4B48-AAB7-ACE4945E3513}.Debug|x86.Build.0 = Debug|Any CPU
		{160C61BB-487C-4B48-AAB7-ACE4945E3513}.Release|Any CPU.ActiveCfg = Release|Any CPU
		{160C61BB-487C-4B48-AAB7-ACE4945E3513}.Release|Any CPU.Build.0 = Release|Any CPU
		{160C61BB-487C-4B48-AAB7-ACE4945E3513}.Release|ARM.ActiveCfg = Release|Any CPU
		{160C61BB-487C-4B48-AAB7-ACE4945E3513}.Release|ARM.Build.0 = Release|Any CPU
		{160C61BB-487C-4B48-AAB7-ACE4945E3513}.Release|x64.ActiveCfg = Release|Any CPU
		{160C61BB-487C-4B48-AAB7-ACE4945E3513}.Release|x64.Build.0 = Release|Any CPU
		{160C61BB-487C-4B48-AAB7-ACE4945E3513}.Release|x86.ActiveCfg = Release|Any CPU
		{160C61BB-487C-4B48-AAB7-ACE4945E3513}.Release|x86.Build.0 = Release|Any CPU
		{20DEBA42-25DD-42B8-82BE-B15B2680A2B0}.Debug|Any CPU.ActiveCfg = Debug|Any CPU
		{20DEBA42-25DD-42B8-82BE-B15B2680A2B0}.Debug|Any CPU.Build.0 = Debug|Any CPU
		{20DEBA42-25DD-42B8-82BE-B15B2680A2B0}.Debug|ARM.ActiveCfg = Debug|Any CPU
		{20DEBA42-25DD-42B8-82BE-B15B2680A2B0}.Debug|ARM.Build.0 = Debug|Any CPU
		{20DEBA42-25DD-42B8-82BE-B15B2680A2B0}.Debug|x64.ActiveCfg = Debug|Any CPU
		{20DEBA42-25DD-42B8-82BE-B15B2680A2B0}.Debug|x64.Build.0 = Debug|Any CPU
		{20DEBA42-25DD-42B8-82BE-B15B2680A2B0}.Debug|x86.ActiveCfg = Debug|Any CPU
		{20DEBA42-25DD-42B8-82BE-B15B2680A2B0}.Debug|x86.Build.0 = Debug|Any CPU
		{20DEBA42-25DD-42B8-82BE-B15B2680A2B0}.Release|Any CPU.ActiveCfg = Release|Any CPU
		{20DEBA42-25DD-42B8-82BE-B15B2680A2B0}.Release|Any CPU.Build.0 = Release|Any CPU
		{20DEBA42-25DD-42B8-82BE-B15B2680A2B0}.Release|ARM.ActiveCfg = Release|Any CPU
		{20DEBA42-25DD-42B8-82BE-B15B2680A2B0}.Release|ARM.Build.0 = Release|Any CPU
		{20DEBA42-25DD-42B8-82BE-B15B2680A2B0}.Release|x64.ActiveCfg = Release|Any CPU
		{20DEBA42-25DD-42B8-82BE-B15B2680A2B0}.Release|x64.Build.0 = Release|Any CPU
		{20DEBA42-25DD-42B8-82BE-B15B2680A2B0}.Release|x86.ActiveCfg = Release|Any CPU
		{20DEBA42-25DD-42B8-82BE-B15B2680A2B0}.Release|x86.Build.0 = Release|Any CPU
		{1C7D8B90-33A0-44A6-AE68-6919987EA85E}.Debug|Any CPU.ActiveCfg = Debug|Any CPU
		{1C7D8B90-33A0-44A6-AE68-6919987EA85E}.Debug|Any CPU.Build.0 = Debug|Any CPU
		{1C7D8B90-33A0-44A6-AE68-6919987EA85E}.Debug|ARM.ActiveCfg = Debug|Any CPU
		{1C7D8B90-33A0-44A6-AE68-6919987EA85E}.Debug|ARM.Build.0 = Debug|Any CPU
		{1C7D8B90-33A0-44A6-AE68-6919987EA85E}.Debug|x64.ActiveCfg = Debug|Any CPU
		{1C7D8B90-33A0-44A6-AE68-6919987EA85E}.Debug|x64.Build.0 = Debug|Any CPU
		{1C7D8B90-33A0-44A6-AE68-6919987EA85E}.Debug|x86.ActiveCfg = Debug|Any CPU
		{1C7D8B90-33A0-44A6-AE68-6919987EA85E}.Debug|x86.Build.0 = Debug|Any CPU
		{1C7D8B90-33A0-44A6-AE68-6919987EA85E}.Release|Any CPU.ActiveCfg = Release|Any CPU
		{1C7D8B90-33A0-44A6-AE68-6919987EA85E}.Release|Any CPU.Build.0 = Release|Any CPU
		{1C7D8B90-33A0-44A6-AE68-6919987EA85E}.Release|ARM.ActiveCfg = Release|Any CPU
		{1C7D8B90-33A0-44A6-AE68-6919987EA85E}.Release|ARM.Build.0 = Release|Any CPU
		{1C7D8B90-33A0-44A6-AE68-6919987EA85E}.Release|x64.ActiveCfg = Release|Any CPU
		{1C7D8B90-33A0-44A6-AE68-6919987EA85E}.Release|x64.Build.0 = Release|Any CPU
		{1C7D8B90-33A0-44A6-AE68-6919987EA85E}.Release|x86.ActiveCfg = Release|Any CPU
		{1C7D8B90-33A0-44A6-AE68-6919987EA85E}.Release|x86.Build.0 = Release|Any CPU
		{B06261C1-C3C6-44A2-9D39-6316E439EAD8}.Debug|Any CPU.ActiveCfg = Debug|Any CPU
		{B06261C1-C3C6-44A2-9D39-6316E439EAD8}.Debug|Any CPU.Build.0 = Debug|Any CPU
		{B06261C1-C3C6-44A2-9D39-6316E439EAD8}.Debug|ARM.ActiveCfg = Debug|Any CPU
		{B06261C1-C3C6-44A2-9D39-6316E439EAD8}.Debug|ARM.Build.0 = Debug|Any CPU
		{B06261C1-C3C6-44A2-9D39-6316E439EAD8}.Debug|x64.ActiveCfg = Debug|Any CPU
		{B06261C1-C3C6-44A2-9D39-6316E439EAD8}.Debug|x64.Build.0 = Debug|Any CPU
		{B06261C1-C3C6-44A2-9D39-6316E439EAD8}.Debug|x86.ActiveCfg = Debug|Any CPU
		{B06261C1-C3C6-44A2-9D39-6316E439EAD8}.Debug|x86.Build.0 = Debug|Any CPU
		{B06261C1-C3C6-44A2-9D39-6316E439EAD8}.Release|Any CPU.ActiveCfg = Release|Any CPU
		{B06261C1-C3C6-44A2-9D39-6316E439EAD8}.Release|Any CPU.Build.0 = Release|Any CPU
		{B06261C1-C3C6-44A2-9D39-6316E439EAD8}.Release|ARM.ActiveCfg = Release|Any CPU
		{B06261C1-C3C6-44A2-9D39-6316E439EAD8}.Release|ARM.Build.0 = Release|Any CPU
		{B06261C1-C3C6-44A2-9D39-6316E439EAD8}.Release|x64.ActiveCfg = Release|Any CPU
		{B06261C1-C3C6-44A2-9D39-6316E439EAD8}.Release|x64.Build.0 = Release|Any CPU
		{B06261C1-C3C6-44A2-9D39-6316E439EAD8}.Release|x86.ActiveCfg = Release|Any CPU
		{B06261C1-C3C6-44A2-9D39-6316E439EAD8}.Release|x86.Build.0 = Release|Any CPU
		{035B721A-72C0-451C-8F57-E6ECA6DD3EFD}.Debug|Any CPU.ActiveCfg = Debug|Any CPU
		{035B721A-72C0-451C-8F57-E6ECA6DD3EFD}.Debug|Any CPU.Build.0 = Debug|Any CPU
		{035B721A-72C0-451C-8F57-E6ECA6DD3EFD}.Debug|ARM.ActiveCfg = Debug|Any CPU
		{035B721A-72C0-451C-8F57-E6ECA6DD3EFD}.Debug|ARM.Build.0 = Debug|Any CPU
		{035B721A-72C0-451C-8F57-E6ECA6DD3EFD}.Debug|x64.ActiveCfg = Debug|Any CPU
		{035B721A-72C0-451C-8F57-E6ECA6DD3EFD}.Debug|x64.Build.0 = Debug|Any CPU
		{035B721A-72C0-451C-8F57-E6ECA6DD3EFD}.Debug|x86.ActiveCfg = Debug|Any CPU
		{035B721A-72C0-451C-8F57-E6ECA6DD3EFD}.Debug|x86.Build.0 = Debug|Any CPU
		{035B721A-72C0-451C-8F57-E6ECA6DD3EFD}.Release|Any CPU.ActiveCfg = Release|Any CPU
		{035B721A-72C0-451C-8F57-E6ECA6DD3EFD}.Release|Any CPU.Build.0 = Release|Any CPU
		{035B721A-72C0-451C-8F57-E6ECA6DD3EFD}.Release|ARM.ActiveCfg = Release|Any CPU
		{035B721A-72C0-451C-8F57-E6ECA6DD3EFD}.Release|ARM.Build.0 = Release|Any CPU
		{035B721A-72C0-451C-8F57-E6ECA6DD3EFD}.Release|x64.ActiveCfg = Release|Any CPU
		{035B721A-72C0-451C-8F57-E6ECA6DD3EFD}.Release|x64.Build.0 = Release|Any CPU
		{035B721A-72C0-451C-8F57-E6ECA6DD3EFD}.Release|x86.ActiveCfg = Release|Any CPU
		{035B721A-72C0-451C-8F57-E6ECA6DD3EFD}.Release|x86.Build.0 = Release|Any CPU
		{2E13BB74-6BF5-4B69-966F-07B531403D08}.Debug|Any CPU.ActiveCfg = Debug|Any CPU
		{2E13BB74-6BF5-4B69-966F-07B531403D08}.Debug|Any CPU.Build.0 = Debug|Any CPU
		{2E13BB74-6BF5-4B69-966F-07B531403D08}.Debug|ARM.ActiveCfg = Debug|Any CPU
		{2E13BB74-6BF5-4B69-966F-07B531403D08}.Debug|ARM.Build.0 = Debug|Any CPU
		{2E13BB74-6BF5-4B69-966F-07B531403D08}.Debug|x64.ActiveCfg = Debug|Any CPU
		{2E13BB74-6BF5-4B69-966F-07B531403D08}.Debug|x64.Build.0 = Debug|Any CPU
		{2E13BB74-6BF5-4B69-966F-07B531403D08}.Debug|x86.ActiveCfg = Debug|Any CPU
		{2E13BB74-6BF5-4B69-966F-07B531403D08}.Debug|x86.Build.0 = Debug|Any CPU
		{2E13BB74-6BF5-4B69-966F-07B531403D08}.Release|Any CPU.ActiveCfg = Release|Any CPU
		{2E13BB74-6BF5-4B69-966F-07B531403D08}.Release|Any CPU.Build.0 = Release|Any CPU
		{2E13BB74-6BF5-4B69-966F-07B531403D08}.Release|ARM.ActiveCfg = Release|Any CPU
		{2E13BB74-6BF5-4B69-966F-07B531403D08}.Release|ARM.Build.0 = Release|Any CPU
		{2E13BB74-6BF5-4B69-966F-07B531403D08}.Release|x64.ActiveCfg = Release|Any CPU
		{2E13BB74-6BF5-4B69-966F-07B531403D08}.Release|x64.Build.0 = Release|Any CPU
		{2E13BB74-6BF5-4B69-966F-07B531403D08}.Release|x86.ActiveCfg = Release|Any CPU
		{2E13BB74-6BF5-4B69-966F-07B531403D08}.Release|x86.Build.0 = Release|Any CPU
		{D5EC8B7B-9255-41CA-85D6-A0DBA0CE7EA2}.Debug|Any CPU.ActiveCfg = Debug|Any CPU
		{D5EC8B7B-9255-41CA-85D6-A0DBA0CE7EA2}.Debug|Any CPU.Build.0 = Debug|Any CPU
		{D5EC8B7B-9255-41CA-85D6-A0DBA0CE7EA2}.Debug|ARM.ActiveCfg = Debug|Any CPU
		{D5EC8B7B-9255-41CA-85D6-A0DBA0CE7EA2}.Debug|ARM.Build.0 = Debug|Any CPU
		{D5EC8B7B-9255-41CA-85D6-A0DBA0CE7EA2}.Debug|x64.ActiveCfg = Debug|Any CPU
		{D5EC8B7B-9255-41CA-85D6-A0DBA0CE7EA2}.Debug|x64.Build.0 = Debug|Any CPU
		{D5EC8B7B-9255-41CA-85D6-A0DBA0CE7EA2}.Debug|x86.ActiveCfg = Debug|Any CPU
		{D5EC8B7B-9255-41CA-85D6-A0DBA0CE7EA2}.Debug|x86.Build.0 = Debug|Any CPU
		{D5EC8B7B-9255-41CA-85D6-A0DBA0CE7EA2}.Release|Any CPU.ActiveCfg = Debug|Any CPU
		{D5EC8B7B-9255-41CA-85D6-A0DBA0CE7EA2}.Release|Any CPU.Build.0 = Debug|Any CPU
		{D5EC8B7B-9255-41CA-85D6-A0DBA0CE7EA2}.Release|ARM.ActiveCfg = Debug|Any CPU
		{D5EC8B7B-9255-41CA-85D6-A0DBA0CE7EA2}.Release|ARM.Build.0 = Debug|Any CPU
		{D5EC8B7B-9255-41CA-85D6-A0DBA0CE7EA2}.Release|x64.ActiveCfg = Debug|Any CPU
		{D5EC8B7B-9255-41CA-85D6-A0DBA0CE7EA2}.Release|x64.Build.0 = Debug|Any CPU
		{D5EC8B7B-9255-41CA-85D6-A0DBA0CE7EA2}.Release|x86.ActiveCfg = Debug|Any CPU
		{D5EC8B7B-9255-41CA-85D6-A0DBA0CE7EA2}.Release|x86.Build.0 = Debug|Any CPU
		{D894CEC8-6A07-4FE3-B7B9-5C58F1EDAA35}.Debug|Any CPU.ActiveCfg = Debug|Any CPU
		{D894CEC8-6A07-4FE3-B7B9-5C58F1EDAA35}.Debug|Any CPU.Build.0 = Debug|Any CPU
		{D894CEC8-6A07-4FE3-B7B9-5C58F1EDAA35}.Debug|ARM.ActiveCfg = Debug|Any CPU
		{D894CEC8-6A07-4FE3-B7B9-5C58F1EDAA35}.Debug|ARM.Build.0 = Debug|Any CPU
		{D894CEC8-6A07-4FE3-B7B9-5C58F1EDAA35}.Debug|x64.ActiveCfg = Debug|Any CPU
		{D894CEC8-6A07-4FE3-B7B9-5C58F1EDAA35}.Debug|x64.Build.0 = Debug|Any CPU
		{D894CEC8-6A07-4FE3-B7B9-5C58F1EDAA35}.Debug|x86.ActiveCfg = Debug|Any CPU
		{D894CEC8-6A07-4FE3-B7B9-5C58F1EDAA35}.Debug|x86.Build.0 = Debug|Any CPU
		{D894CEC8-6A07-4FE3-B7B9-5C58F1EDAA35}.Release|Any CPU.ActiveCfg = Release|Any CPU
		{D894CEC8-6A07-4FE3-B7B9-5C58F1EDAA35}.Release|Any CPU.Build.0 = Release|Any CPU
		{D894CEC8-6A07-4FE3-B7B9-5C58F1EDAA35}.Release|ARM.ActiveCfg = Release|Any CPU
		{D894CEC8-6A07-4FE3-B7B9-5C58F1EDAA35}.Release|ARM.Build.0 = Release|Any CPU
		{D894CEC8-6A07-4FE3-B7B9-5C58F1EDAA35}.Release|x64.ActiveCfg = Release|Any CPU
		{D894CEC8-6A07-4FE3-B7B9-5C58F1EDAA35}.Release|x64.Build.0 = Release|Any CPU
		{D894CEC8-6A07-4FE3-B7B9-5C58F1EDAA35}.Release|x86.ActiveCfg = Release|Any CPU
		{D894CEC8-6A07-4FE3-B7B9-5C58F1EDAA35}.Release|x86.Build.0 = Release|Any CPU
		{70AEC371-FC04-438D-9DBF-5ED5E0CEB960}.Debug|Any CPU.ActiveCfg = Debug|Any CPU
		{70AEC371-FC04-438D-9DBF-5ED5E0CEB960}.Debug|Any CPU.Build.0 = Debug|Any CPU
		{70AEC371-FC04-438D-9DBF-5ED5E0CEB960}.Debug|ARM.ActiveCfg = Debug|Any CPU
		{70AEC371-FC04-438D-9DBF-5ED5E0CEB960}.Debug|ARM.Build.0 = Debug|Any CPU
		{70AEC371-FC04-438D-9DBF-5ED5E0CEB960}.Debug|x64.ActiveCfg = Debug|Any CPU
		{70AEC371-FC04-438D-9DBF-5ED5E0CEB960}.Debug|x64.Build.0 = Debug|Any CPU
		{70AEC371-FC04-438D-9DBF-5ED5E0CEB960}.Debug|x86.ActiveCfg = Debug|Any CPU
		{70AEC371-FC04-438D-9DBF-5ED5E0CEB960}.Debug|x86.Build.0 = Debug|Any CPU
		{70AEC371-FC04-438D-9DBF-5ED5E0CEB960}.Release|Any CPU.ActiveCfg = Release|Any CPU
		{70AEC371-FC04-438D-9DBF-5ED5E0CEB960}.Release|Any CPU.Build.0 = Release|Any CPU
		{70AEC371-FC04-438D-9DBF-5ED5E0CEB960}.Release|ARM.ActiveCfg = Release|Any CPU
		{70AEC371-FC04-438D-9DBF-5ED5E0CEB960}.Release|ARM.Build.0 = Release|Any CPU
		{70AEC371-FC04-438D-9DBF-5ED5E0CEB960}.Release|x64.ActiveCfg = Release|Any CPU
		{70AEC371-FC04-438D-9DBF-5ED5E0CEB960}.Release|x64.Build.0 = Release|Any CPU
		{70AEC371-FC04-438D-9DBF-5ED5E0CEB960}.Release|x86.ActiveCfg = Release|Any CPU
		{70AEC371-FC04-438D-9DBF-5ED5E0CEB960}.Release|x86.Build.0 = Release|Any CPU
		{BFB0864C-68BD-409A-9A82-52669F44E400}.Debug|Any CPU.ActiveCfg = Debug|Any CPU
		{BFB0864C-68BD-409A-9A82-52669F44E400}.Debug|Any CPU.Build.0 = Debug|Any CPU
		{BFB0864C-68BD-409A-9A82-52669F44E400}.Debug|ARM.ActiveCfg = Debug|Any CPU
		{BFB0864C-68BD-409A-9A82-52669F44E400}.Debug|ARM.Build.0 = Debug|Any CPU
		{BFB0864C-68BD-409A-9A82-52669F44E400}.Debug|x64.ActiveCfg = Debug|Any CPU
		{BFB0864C-68BD-409A-9A82-52669F44E400}.Debug|x64.Build.0 = Debug|Any CPU
		{BFB0864C-68BD-409A-9A82-52669F44E400}.Debug|x86.ActiveCfg = Debug|Any CPU
		{BFB0864C-68BD-409A-9A82-52669F44E400}.Debug|x86.Build.0 = Debug|Any CPU
		{BFB0864C-68BD-409A-9A82-52669F44E400}.Release|Any CPU.ActiveCfg = Release|Any CPU
		{BFB0864C-68BD-409A-9A82-52669F44E400}.Release|Any CPU.Build.0 = Release|Any CPU
		{BFB0864C-68BD-409A-9A82-52669F44E400}.Release|ARM.ActiveCfg = Release|Any CPU
		{BFB0864C-68BD-409A-9A82-52669F44E400}.Release|ARM.Build.0 = Release|Any CPU
		{BFB0864C-68BD-409A-9A82-52669F44E400}.Release|x64.ActiveCfg = Release|Any CPU
		{BFB0864C-68BD-409A-9A82-52669F44E400}.Release|x64.Build.0 = Release|Any CPU
		{BFB0864C-68BD-409A-9A82-52669F44E400}.Release|x86.ActiveCfg = Release|Any CPU
		{BFB0864C-68BD-409A-9A82-52669F44E400}.Release|x86.Build.0 = Release|Any CPU
		{B6D0D291-DB7A-4C0D-9820-EC1DA161A763}.Debug|Any CPU.ActiveCfg = Debug|Any CPU
		{B6D0D291-DB7A-4C0D-9820-EC1DA161A763}.Debug|Any CPU.Build.0 = Debug|Any CPU
		{B6D0D291-DB7A-4C0D-9820-EC1DA161A763}.Debug|ARM.ActiveCfg = Debug|Any CPU
		{B6D0D291-DB7A-4C0D-9820-EC1DA161A763}.Debug|ARM.Build.0 = Debug|Any CPU
		{B6D0D291-DB7A-4C0D-9820-EC1DA161A763}.Debug|x64.ActiveCfg = Debug|Any CPU
		{B6D0D291-DB7A-4C0D-9820-EC1DA161A763}.Debug|x64.Build.0 = Debug|Any CPU
		{B6D0D291-DB7A-4C0D-9820-EC1DA161A763}.Debug|x86.ActiveCfg = Debug|Any CPU
		{B6D0D291-DB7A-4C0D-9820-EC1DA161A763}.Debug|x86.Build.0 = Debug|Any CPU
		{B6D0D291-DB7A-4C0D-9820-EC1DA161A763}.Release|Any CPU.ActiveCfg = Release|Any CPU
		{B6D0D291-DB7A-4C0D-9820-EC1DA161A763}.Release|Any CPU.Build.0 = Release|Any CPU
		{B6D0D291-DB7A-4C0D-9820-EC1DA161A763}.Release|ARM.ActiveCfg = Release|Any CPU
		{B6D0D291-DB7A-4C0D-9820-EC1DA161A763}.Release|ARM.Build.0 = Release|Any CPU
		{B6D0D291-DB7A-4C0D-9820-EC1DA161A763}.Release|x64.ActiveCfg = Release|Any CPU
		{B6D0D291-DB7A-4C0D-9820-EC1DA161A763}.Release|x64.Build.0 = Release|Any CPU
		{B6D0D291-DB7A-4C0D-9820-EC1DA161A763}.Release|x86.ActiveCfg = Release|Any CPU
		{B6D0D291-DB7A-4C0D-9820-EC1DA161A763}.Release|x86.Build.0 = Release|Any CPU
		{FB4410DC-3599-4012-A515-A4C117CD652C}.Debug|Any CPU.ActiveCfg = Debug|Any CPU
		{FB4410DC-3599-4012-A515-A4C117CD652C}.Debug|Any CPU.Build.0 = Debug|Any CPU
		{FB4410DC-3599-4012-A515-A4C117CD652C}.Debug|ARM.ActiveCfg = Debug|Any CPU
		{FB4410DC-3599-4012-A515-A4C117CD652C}.Debug|ARM.Build.0 = Debug|Any CPU
		{FB4410DC-3599-4012-A515-A4C117CD652C}.Debug|x64.ActiveCfg = Debug|Any CPU
		{FB4410DC-3599-4012-A515-A4C117CD652C}.Debug|x64.Build.0 = Debug|Any CPU
		{FB4410DC-3599-4012-A515-A4C117CD652C}.Debug|x86.ActiveCfg = Debug|Any CPU
		{FB4410DC-3599-4012-A515-A4C117CD652C}.Debug|x86.Build.0 = Debug|Any CPU
		{FB4410DC-3599-4012-A515-A4C117CD652C}.Release|Any CPU.ActiveCfg = Release|Any CPU
		{FB4410DC-3599-4012-A515-A4C117CD652C}.Release|Any CPU.Build.0 = Release|Any CPU
		{FB4410DC-3599-4012-A515-A4C117CD652C}.Release|ARM.ActiveCfg = Release|Any CPU
		{FB4410DC-3599-4012-A515-A4C117CD652C}.Release|ARM.Build.0 = Release|Any CPU
		{FB4410DC-3599-4012-A515-A4C117CD652C}.Release|x64.ActiveCfg = Release|Any CPU
		{FB4410DC-3599-4012-A515-A4C117CD652C}.Release|x64.Build.0 = Release|Any CPU
		{FB4410DC-3599-4012-A515-A4C117CD652C}.Release|x86.ActiveCfg = Release|Any CPU
		{FB4410DC-3599-4012-A515-A4C117CD652C}.Release|x86.Build.0 = Release|Any CPU
		{15FF1794-9E29-4FD8-8FC6-D55556D2442C}.Debug|Any CPU.ActiveCfg = Debug|Any CPU
		{15FF1794-9E29-4FD8-8FC6-D55556D2442C}.Debug|Any CPU.Build.0 = Debug|Any CPU
		{15FF1794-9E29-4FD8-8FC6-D55556D2442C}.Debug|ARM.ActiveCfg = Debug|Any CPU
		{15FF1794-9E29-4FD8-8FC6-D55556D2442C}.Debug|ARM.Build.0 = Debug|Any CPU
		{15FF1794-9E29-4FD8-8FC6-D55556D2442C}.Debug|x64.ActiveCfg = Debug|Any CPU
		{15FF1794-9E29-4FD8-8FC6-D55556D2442C}.Debug|x64.Build.0 = Debug|Any CPU
		{15FF1794-9E29-4FD8-8FC6-D55556D2442C}.Debug|x86.ActiveCfg = Debug|Any CPU
		{15FF1794-9E29-4FD8-8FC6-D55556D2442C}.Debug|x86.Build.0 = Debug|Any CPU
		{15FF1794-9E29-4FD8-8FC6-D55556D2442C}.Release|Any CPU.ActiveCfg = Release|Any CPU
		{15FF1794-9E29-4FD8-8FC6-D55556D2442C}.Release|Any CPU.Build.0 = Release|Any CPU
		{15FF1794-9E29-4FD8-8FC6-D55556D2442C}.Release|ARM.ActiveCfg = Release|Any CPU
		{15FF1794-9E29-4FD8-8FC6-D55556D2442C}.Release|ARM.Build.0 = Release|Any CPU
		{15FF1794-9E29-4FD8-8FC6-D55556D2442C}.Release|x64.ActiveCfg = Release|Any CPU
		{15FF1794-9E29-4FD8-8FC6-D55556D2442C}.Release|x64.Build.0 = Release|Any CPU
		{15FF1794-9E29-4FD8-8FC6-D55556D2442C}.Release|x86.ActiveCfg = Release|Any CPU
		{15FF1794-9E29-4FD8-8FC6-D55556D2442C}.Release|x86.Build.0 = Release|Any CPU
		{CA326580-F6E8-43E2-99E0-90FD58C655CC}.Debug|Any CPU.ActiveCfg = Debug|Any CPU
		{CA326580-F6E8-43E2-99E0-90FD58C655CC}.Debug|Any CPU.Build.0 = Debug|Any CPU
		{CA326580-F6E8-43E2-99E0-90FD58C655CC}.Debug|ARM.ActiveCfg = Debug|Any CPU
		{CA326580-F6E8-43E2-99E0-90FD58C655CC}.Debug|ARM.Build.0 = Debug|Any CPU
		{CA326580-F6E8-43E2-99E0-90FD58C655CC}.Debug|x64.ActiveCfg = Debug|Any CPU
		{CA326580-F6E8-43E2-99E0-90FD58C655CC}.Debug|x64.Build.0 = Debug|Any CPU
		{CA326580-F6E8-43E2-99E0-90FD58C655CC}.Debug|x86.ActiveCfg = Debug|Any CPU
		{CA326580-F6E8-43E2-99E0-90FD58C655CC}.Debug|x86.Build.0 = Debug|Any CPU
		{CA326580-F6E8-43E2-99E0-90FD58C655CC}.Release|Any CPU.ActiveCfg = Release|Any CPU
		{CA326580-F6E8-43E2-99E0-90FD58C655CC}.Release|Any CPU.Build.0 = Release|Any CPU
		{CA326580-F6E8-43E2-99E0-90FD58C655CC}.Release|ARM.ActiveCfg = Release|Any CPU
		{CA326580-F6E8-43E2-99E0-90FD58C655CC}.Release|ARM.Build.0 = Release|Any CPU
		{CA326580-F6E8-43E2-99E0-90FD58C655CC}.Release|x64.ActiveCfg = Release|Any CPU
		{CA326580-F6E8-43E2-99E0-90FD58C655CC}.Release|x64.Build.0 = Release|Any CPU
		{CA326580-F6E8-43E2-99E0-90FD58C655CC}.Release|x86.ActiveCfg = Release|Any CPU
		{CA326580-F6E8-43E2-99E0-90FD58C655CC}.Release|x86.Build.0 = Release|Any CPU
		{EB2C5897-04BB-4748-9585-85B82A237E5F}.Debug|Any CPU.ActiveCfg = Debug|Any CPU
		{EB2C5897-04BB-4748-9585-85B82A237E5F}.Debug|Any CPU.Build.0 = Debug|Any CPU
		{EB2C5897-04BB-4748-9585-85B82A237E5F}.Debug|ARM.ActiveCfg = Debug|Any CPU
		{EB2C5897-04BB-4748-9585-85B82A237E5F}.Debug|ARM.Build.0 = Debug|Any CPU
		{EB2C5897-04BB-4748-9585-85B82A237E5F}.Debug|x64.ActiveCfg = Debug|Any CPU
		{EB2C5897-04BB-4748-9585-85B82A237E5F}.Debug|x64.Build.0 = Debug|Any CPU
		{EB2C5897-04BB-4748-9585-85B82A237E5F}.Debug|x86.ActiveCfg = Debug|Any CPU
		{EB2C5897-04BB-4748-9585-85B82A237E5F}.Debug|x86.Build.0 = Debug|Any CPU
		{EB2C5897-04BB-4748-9585-85B82A237E5F}.Release|Any CPU.ActiveCfg = Release|Any CPU
		{EB2C5897-04BB-4748-9585-85B82A237E5F}.Release|Any CPU.Build.0 = Release|Any CPU
		{EB2C5897-04BB-4748-9585-85B82A237E5F}.Release|ARM.ActiveCfg = Release|Any CPU
		{EB2C5897-04BB-4748-9585-85B82A237E5F}.Release|ARM.Build.0 = Release|Any CPU
		{EB2C5897-04BB-4748-9585-85B82A237E5F}.Release|x64.ActiveCfg = Release|Any CPU
		{EB2C5897-04BB-4748-9585-85B82A237E5F}.Release|x64.Build.0 = Release|Any CPU
		{EB2C5897-04BB-4748-9585-85B82A237E5F}.Release|x86.ActiveCfg = Release|Any CPU
		{EB2C5897-04BB-4748-9585-85B82A237E5F}.Release|x86.Build.0 = Release|Any CPU
		{68213E9F-F94C-4679-AAAF-4F03BC4CF47E}.Debug|Any CPU.ActiveCfg = Debug|Any CPU
		{68213E9F-F94C-4679-AAAF-4F03BC4CF47E}.Debug|Any CPU.Build.0 = Debug|Any CPU
		{68213E9F-F94C-4679-AAAF-4F03BC4CF47E}.Debug|ARM.ActiveCfg = Debug|Any CPU
		{68213E9F-F94C-4679-AAAF-4F03BC4CF47E}.Debug|ARM.Build.0 = Debug|Any CPU
		{68213E9F-F94C-4679-AAAF-4F03BC4CF47E}.Debug|x64.ActiveCfg = Debug|Any CPU
		{68213E9F-F94C-4679-AAAF-4F03BC4CF47E}.Debug|x64.Build.0 = Debug|Any CPU
		{68213E9F-F94C-4679-AAAF-4F03BC4CF47E}.Debug|x86.ActiveCfg = Debug|Any CPU
		{68213E9F-F94C-4679-AAAF-4F03BC4CF47E}.Debug|x86.Build.0 = Debug|Any CPU
		{68213E9F-F94C-4679-AAAF-4F03BC4CF47E}.Release|Any CPU.ActiveCfg = Release|Any CPU
		{68213E9F-F94C-4679-AAAF-4F03BC4CF47E}.Release|Any CPU.Build.0 = Release|Any CPU
		{68213E9F-F94C-4679-AAAF-4F03BC4CF47E}.Release|ARM.ActiveCfg = Release|Any CPU
		{68213E9F-F94C-4679-AAAF-4F03BC4CF47E}.Release|ARM.Build.0 = Release|Any CPU
		{68213E9F-F94C-4679-AAAF-4F03BC4CF47E}.Release|x64.ActiveCfg = Release|Any CPU
		{68213E9F-F94C-4679-AAAF-4F03BC4CF47E}.Release|x64.Build.0 = Release|Any CPU
		{68213E9F-F94C-4679-AAAF-4F03BC4CF47E}.Release|x86.ActiveCfg = Release|Any CPU
		{68213E9F-F94C-4679-AAAF-4F03BC4CF47E}.Release|x86.Build.0 = Release|Any CPU
		{3EFEF928-DECF-4432-B78B-2BE0664E5B71}.Debug|Any CPU.ActiveCfg = Debug|Any CPU
		{3EFEF928-DECF-4432-B78B-2BE0664E5B71}.Debug|Any CPU.Build.0 = Debug|Any CPU
		{3EFEF928-DECF-4432-B78B-2BE0664E5B71}.Debug|ARM.ActiveCfg = Debug|Any CPU
		{3EFEF928-DECF-4432-B78B-2BE0664E5B71}.Debug|ARM.Build.0 = Debug|Any CPU
		{3EFEF928-DECF-4432-B78B-2BE0664E5B71}.Debug|x64.ActiveCfg = Debug|Any CPU
		{3EFEF928-DECF-4432-B78B-2BE0664E5B71}.Debug|x64.Build.0 = Debug|Any CPU
		{3EFEF928-DECF-4432-B78B-2BE0664E5B71}.Debug|x86.ActiveCfg = Debug|Any CPU
		{3EFEF928-DECF-4432-B78B-2BE0664E5B71}.Debug|x86.Build.0 = Debug|Any CPU
		{3EFEF928-DECF-4432-B78B-2BE0664E5B71}.Release|Any CPU.ActiveCfg = Release|Any CPU
		{3EFEF928-DECF-4432-B78B-2BE0664E5B71}.Release|Any CPU.Build.0 = Release|Any CPU
		{3EFEF928-DECF-4432-B78B-2BE0664E5B71}.Release|ARM.ActiveCfg = Release|Any CPU
		{3EFEF928-DECF-4432-B78B-2BE0664E5B71}.Release|ARM.Build.0 = Release|Any CPU
		{3EFEF928-DECF-4432-B78B-2BE0664E5B71}.Release|x64.ActiveCfg = Release|Any CPU
		{3EFEF928-DECF-4432-B78B-2BE0664E5B71}.Release|x64.Build.0 = Release|Any CPU
		{3EFEF928-DECF-4432-B78B-2BE0664E5B71}.Release|x86.ActiveCfg = Release|Any CPU
		{3EFEF928-DECF-4432-B78B-2BE0664E5B71}.Release|x86.Build.0 = Release|Any CPU
		{E5B69000-B3FA-4685-9659-D92A4341B2DA}.Debug|Any CPU.ActiveCfg = Debug|Any CPU
		{E5B69000-B3FA-4685-9659-D92A4341B2DA}.Debug|Any CPU.Build.0 = Debug|Any CPU
		{E5B69000-B3FA-4685-9659-D92A4341B2DA}.Debug|ARM.ActiveCfg = Debug|Any CPU
		{E5B69000-B3FA-4685-9659-D92A4341B2DA}.Debug|ARM.Build.0 = Debug|Any CPU
		{E5B69000-B3FA-4685-9659-D92A4341B2DA}.Debug|x64.ActiveCfg = Debug|Any CPU
		{E5B69000-B3FA-4685-9659-D92A4341B2DA}.Debug|x64.Build.0 = Debug|Any CPU
		{E5B69000-B3FA-4685-9659-D92A4341B2DA}.Debug|x86.ActiveCfg = Debug|Any CPU
		{E5B69000-B3FA-4685-9659-D92A4341B2DA}.Debug|x86.Build.0 = Debug|Any CPU
		{E5B69000-B3FA-4685-9659-D92A4341B2DA}.Release|Any CPU.ActiveCfg = Release|Any CPU
		{E5B69000-B3FA-4685-9659-D92A4341B2DA}.Release|Any CPU.Build.0 = Release|Any CPU
		{E5B69000-B3FA-4685-9659-D92A4341B2DA}.Release|ARM.ActiveCfg = Release|Any CPU
		{E5B69000-B3FA-4685-9659-D92A4341B2DA}.Release|ARM.Build.0 = Release|Any CPU
		{E5B69000-B3FA-4685-9659-D92A4341B2DA}.Release|x64.ActiveCfg = Release|Any CPU
		{E5B69000-B3FA-4685-9659-D92A4341B2DA}.Release|x64.Build.0 = Release|Any CPU
		{E5B69000-B3FA-4685-9659-D92A4341B2DA}.Release|x86.ActiveCfg = Release|Any CPU
		{E5B69000-B3FA-4685-9659-D92A4341B2DA}.Release|x86.Build.0 = Release|Any CPU
		{78ABCF9F-2A9A-405C-B7E9-D94186F40089}.Debug|Any CPU.ActiveCfg = Debug|Any CPU
		{78ABCF9F-2A9A-405C-B7E9-D94186F40089}.Debug|Any CPU.Build.0 = Debug|Any CPU
		{78ABCF9F-2A9A-405C-B7E9-D94186F40089}.Debug|ARM.ActiveCfg = Debug|Any CPU
		{78ABCF9F-2A9A-405C-B7E9-D94186F40089}.Debug|ARM.Build.0 = Debug|Any CPU
		{78ABCF9F-2A9A-405C-B7E9-D94186F40089}.Debug|x64.ActiveCfg = Debug|Any CPU
		{78ABCF9F-2A9A-405C-B7E9-D94186F40089}.Debug|x64.Build.0 = Debug|Any CPU
		{78ABCF9F-2A9A-405C-B7E9-D94186F40089}.Debug|x86.ActiveCfg = Debug|Any CPU
		{78ABCF9F-2A9A-405C-B7E9-D94186F40089}.Debug|x86.Build.0 = Debug|Any CPU
		{78ABCF9F-2A9A-405C-B7E9-D94186F40089}.Release|Any CPU.ActiveCfg = Release|Any CPU
		{78ABCF9F-2A9A-405C-B7E9-D94186F40089}.Release|Any CPU.Build.0 = Release|Any CPU
		{78ABCF9F-2A9A-405C-B7E9-D94186F40089}.Release|ARM.ActiveCfg = Release|Any CPU
		{78ABCF9F-2A9A-405C-B7E9-D94186F40089}.Release|ARM.Build.0 = Release|Any CPU
		{78ABCF9F-2A9A-405C-B7E9-D94186F40089}.Release|x64.ActiveCfg = Release|Any CPU
		{78ABCF9F-2A9A-405C-B7E9-D94186F40089}.Release|x64.Build.0 = Release|Any CPU
		{78ABCF9F-2A9A-405C-B7E9-D94186F40089}.Release|x86.ActiveCfg = Release|Any CPU
		{78ABCF9F-2A9A-405C-B7E9-D94186F40089}.Release|x86.Build.0 = Release|Any CPU
		{B4FE0F92-7E54-4B07-A495-D352A1F8C567}.Debug|Any CPU.ActiveCfg = Debug|Any CPU
		{B4FE0F92-7E54-4B07-A495-D352A1F8C567}.Debug|Any CPU.Build.0 = Debug|Any CPU
		{B4FE0F92-7E54-4B07-A495-D352A1F8C567}.Debug|ARM.ActiveCfg = Debug|Any CPU
		{B4FE0F92-7E54-4B07-A495-D352A1F8C567}.Debug|ARM.Build.0 = Debug|Any CPU
		{B4FE0F92-7E54-4B07-A495-D352A1F8C567}.Debug|x64.ActiveCfg = Debug|Any CPU
		{B4FE0F92-7E54-4B07-A495-D352A1F8C567}.Debug|x64.Build.0 = Debug|Any CPU
		{B4FE0F92-7E54-4B07-A495-D352A1F8C567}.Debug|x86.ActiveCfg = Debug|Any CPU
		{B4FE0F92-7E54-4B07-A495-D352A1F8C567}.Debug|x86.Build.0 = Debug|Any CPU
		{B4FE0F92-7E54-4B07-A495-D352A1F8C567}.Release|Any CPU.ActiveCfg = Release|Any CPU
		{B4FE0F92-7E54-4B07-A495-D352A1F8C567}.Release|Any CPU.Build.0 = Release|Any CPU
		{B4FE0F92-7E54-4B07-A495-D352A1F8C567}.Release|ARM.ActiveCfg = Release|Any CPU
		{B4FE0F92-7E54-4B07-A495-D352A1F8C567}.Release|ARM.Build.0 = Release|Any CPU
		{B4FE0F92-7E54-4B07-A495-D352A1F8C567}.Release|x64.ActiveCfg = Release|Any CPU
		{B4FE0F92-7E54-4B07-A495-D352A1F8C567}.Release|x64.Build.0 = Release|Any CPU
		{B4FE0F92-7E54-4B07-A495-D352A1F8C567}.Release|x86.ActiveCfg = Release|Any CPU
		{B4FE0F92-7E54-4B07-A495-D352A1F8C567}.Release|x86.Build.0 = Release|Any CPU
	EndGlobalSection
	GlobalSection(SolutionProperties) = preSolution
		HideSolutionNode = FALSE
	EndGlobalSection
	GlobalSection(NestedProjects) = preSolution
		{44E741DD-0D95-4390-A889-669349E460FD} = {2C9B6AC8-A0D2-4AA0-9309-4A326E0DB9B4}
		{D894CEC8-6A07-4FE3-B7B9-5C58F1EDAA35} = {44E741DD-0D95-4390-A889-669349E460FD}
		{70AEC371-FC04-438D-9DBF-5ED5E0CEB960} = {44E741DD-0D95-4390-A889-669349E460FD}
		{A66FC4DE-2A6E-4D56-9BC4-BDE08A5F69FB} = {2C9B6AC8-A0D2-4AA0-9309-4A326E0DB9B4}
		{BFB0864C-68BD-409A-9A82-52669F44E400} = {A66FC4DE-2A6E-4D56-9BC4-BDE08A5F69FB}
		{B6D0D291-DB7A-4C0D-9820-EC1DA161A763} = {A66FC4DE-2A6E-4D56-9BC4-BDE08A5F69FB}
	EndGlobalSection
	GlobalSection(ExtensibilityGlobals) = postSolution
		SolutionGuid = {907DAFAF-D185-483B-9EAD-70A79C11F23D}
	EndGlobalSection
EndGlobal
