
Microsoft Visual Studio Solution File, Format Version 12.00
# Visual Studio 14
VisualStudioVersion = 14.0.25420.1
MinimumVisualStudioVersion = 10.0.40219.1
Project("{FAE04EC0-301F-11D3-BF4B-00C04F79EFBC}") = "ProgrammingLessons", "ProgrammingLessons\ProgrammingLessons.csproj", "{160C61BB-487C-4B48-AAB7-ACE4945E3513}"
EndProject
Project("{FAE04EC0-301F-11D3-BF4B-00C04F79EFBC}") = "DataStructures", "DataStructures\DataStructures.csproj", "{20DEBA42-25DD-42B8-82BE-B15B2680A2B0}"
EndProject
Project("{FAE04EC0-301F-11D3-BF4B-00C04F79EFBC}") = "KeyWords", "KeyWords\KeyWords.csproj", "{1C7D8B90-33A0-44A6-AE68-6919987EA85E}"
EndProject
Project("{FAE04EC0-301F-11D3-BF4B-00C04F79EFBC}") = "Algorithms", "Algorithms\Algorithms.csproj", "{927772DD-95B8-4B50-A188-25C2A9AACFCD}"
EndProject
Project("{FAE04EC0-301F-11D3-BF4B-00C04F79EFBC}") = "LanguageFeatures", "LanguageFeatures\LanguageFeatures.csproj", "{28441FC0-34A1-4D57-B5EA-CEF8375425ED}"
EndProject
Project("{FAE04EC0-301F-11D3-BF4B-00C04F79EFBC}") = "LINQ", "LINQ\LINQ.csproj", "{B06261C1-C3C6-44A2-9D39-6316E439EAD8}"
EndProject
Project("{FAE04EC0-301F-11D3-BF4B-00C04F79EFBC}") = "SOLID", "SOLID\SOLID.csproj", "{035B721A-72C0-451C-8F57-E6ECA6DD3EFD}"
EndProject
Project("{FAE04EC0-301F-11D3-BF4B-00C04F79EFBC}") = "DesignPatterns", "DesignPatterns\DesignPatterns.csproj", "{2E13BB74-6BF5-4B69-966F-07B531403D08}"
EndProject
Project("{E24C65DC-7377-472B-9ABA-BC803B73C61A}") = "DOM", "DOM\", "{D5EC8B7B-9255-41CA-85D6-A0DBA0CE7EA2}"
	ProjectSection(WebsiteProperties) = preProject
		TargetFrameworkMoniker = ".NETFramework,Version%3Dv4.6"
		Debug.AspNetCompiler.VirtualPath = "/localhost_56253"
		Debug.AspNetCompiler.PhysicalPath = "DOM\"
		Debug.AspNetCompiler.TargetPath = "PrecompiledWeb\localhost_56253\"
		Debug.AspNetCompiler.Updateable = "true"
		Debug.AspNetCompiler.ForceOverwrite = "true"
		Debug.AspNetCompiler.FixedNames = "false"
		Debug.AspNetCompiler.Debug = "True"
		Release.AspNetCompiler.VirtualPath = "/localhost_56253"
		Release.AspNetCompiler.PhysicalPath = "DOM\"
		Release.AspNetCompiler.TargetPath = "PrecompiledWeb\localhost_56253\"
		Release.AspNetCompiler.Updateable = "true"
		Release.AspNetCompiler.ForceOverwrite = "true"
		Release.AspNetCompiler.FixedNames = "false"
		Release.AspNetCompiler.Debug = "False"
		VWDPort = "56253"
		SlnRelativePath = "DOM\"
		DefaultWebSiteLanguage = "Visual C#"
	EndProjectSection
EndProject
Global
	GlobalSection(SolutionConfigurationPlatforms) = preSolution
		Debug|Any CPU = Debug|Any CPU
		Debug|ARM = Debug|ARM
		Debug|x64 = Debug|x64
		Debug|x86 = Debug|x86
		Release|Any CPU = Release|Any CPU
		Release|ARM = Release|ARM
		Release|x64 = Release|x64
		Release|x86 = Release|x86
	EndGlobalSection
	GlobalSection(ProjectConfigurationPlatforms) = postSolution
		{160C61BB-487C-4B48-AAB7-ACE4945E3513}.Debug|Any CPU.ActiveCfg = Debug|Any CPU
		{160C61BB-487C-4B48-AAB7-ACE4945E3513}.Debug|Any CPU.Build.0 = Debug|Any CPU
		{160C61BB-487C-4B48-AAB7-ACE4945E3513}.Debug|ARM.ActiveCfg = Debug|Any CPU
		{160C61BB-487C-4B48-AAB7-ACE4945E3513}.Debug|ARM.Build.0 = Debug|Any CPU
		{160C61BB-487C-4B48-AAB7-ACE4945E3513}.Debug|x64.ActiveCfg = Debug|Any CPU
		{160C61BB-487C-4B48-AAB7-ACE4945E3513}.Debug|x64.Build.0 = Debug|Any CPU
		{160C61BB-487C-4B48-AAB7-ACE4945E3513}.Debug|x86.ActiveCfg = Debug|Any CPU
		{160C61BB-487C-4B48-AAB7-ACE4945E3513}.Debug|x86.Build.0 = Debug|Any CPU
		{160C61BB-487C-4B48-AAB7-ACE4945E3513}.Release|Any CPU.ActiveCfg = Release|Any CPU
		{160C61BB-487C-4B48-AAB7-ACE4945E3513}.Release|Any CPU.Build.0 = Release|Any CPU
		{160C61BB-487C-4B48-AAB7-ACE4945E3513}.Release|ARM.ActiveCfg = Release|Any CPU
		{160C61BB-487C-4B48-AAB7-ACE4945E3513}.Release|ARM.Build.0 = Release|Any CPU
		{160C61BB-487C-4B48-AAB7-ACE4945E3513}.Release|x64.ActiveCfg = Release|Any CPU
		{160C61BB-487C-4B48-AAB7-ACE4945E3513}.Release|x64.Build.0 = Release|Any CPU
		{160C61BB-487C-4B48-AAB7-ACE4945E3513}.Release|x86.ActiveCfg = Release|Any CPU
		{160C61BB-487C-4B48-AAB7-ACE4945E3513}.Release|x86.Build.0 = Release|Any CPU
		{20DEBA42-25DD-42B8-82BE-B15B2680A2B0}.Debug|Any CPU.ActiveCfg = Debug|Any CPU
		{20DEBA42-25DD-42B8-82BE-B15B2680A2B0}.Debug|Any CPU.Build.0 = Debug|Any CPU
		{20DEBA42-25DD-42B8-82BE-B15B2680A2B0}.Debug|ARM.ActiveCfg = Debug|Any CPU
		{20DEBA42-25DD-42B8-82BE-B15B2680A2B0}.Debug|ARM.Build.0 = Debug|Any CPU
		{20DEBA42-25DD-42B8-82BE-B15B2680A2B0}.Debug|x64.ActiveCfg = Debug|Any CPU
		{20DEBA42-25DD-42B8-82BE-B15B2680A2B0}.Debug|x64.Build.0 = Debug|Any CPU
		{20DEBA42-25DD-42B8-82BE-B15B2680A2B0}.Debug|x86.ActiveCfg = Debug|Any CPU
		{20DEBA42-25DD-42B8-82BE-B15B2680A2B0}.Debug|x86.Build.0 = Debug|Any CPU
		{20DEBA42-25DD-42B8-82BE-B15B2680A2B0}.Release|Any CPU.ActiveCfg = Release|Any CPU
		{20DEBA42-25DD-42B8-82BE-B15B2680A2B0}.Release|Any CPU.Build.0 = Release|Any CPU
		{20DEBA42-25DD-42B8-82BE-B15B2680A2B0}.Release|ARM.ActiveCfg = Release|Any CPU
		{20DEBA42-25DD-42B8-82BE-B15B2680A2B0}.Release|ARM.Build.0 = Release|Any CPU
		{20DEBA42-25DD-42B8-82BE-B15B2680A2B0}.Release|x64.ActiveCfg = Release|Any CPU
		{20DEBA42-25DD-42B8-82BE-B15B2680A2B0}.Release|x64.Build.0 = Release|Any CPU
		{20DEBA42-25DD-42B8-82BE-B15B2680A2B0}.Release|x86.ActiveCfg = Release|Any CPU
		{20DEBA42-25DD-42B8-82BE-B15B2680A2B0}.Release|x86.Build.0 = Release|Any CPU
		{1C7D8B90-33A0-44A6-AE68-6919987EA85E}.Debug|Any CPU.ActiveCfg = Debug|Any CPU
		{1C7D8B90-33A0-44A6-AE68-6919987EA85E}.Debug|Any CPU.Build.0 = Debug|Any CPU
		{1C7D8B90-33A0-44A6-AE68-6919987EA85E}.Debug|ARM.ActiveCfg = Debug|Any CPU
		{1C7D8B90-33A0-44A6-AE68-6919987EA85E}.Debug|ARM.Build.0 = Debug|Any CPU
		{1C7D8B90-33A0-44A6-AE68-6919987EA85E}.Debug|x64.ActiveCfg = Debug|Any CPU
		{1C7D8B90-33A0-44A6-AE68-6919987EA85E}.Debug|x64.Build.0 = Debug|Any CPU
		{1C7D8B90-33A0-44A6-AE68-6919987EA85E}.Debug|x86.ActiveCfg = Debug|Any CPU
		{1C7D8B90-33A0-44A6-AE68-6919987EA85E}.Debug|x86.Build.0 = Debug|Any CPU
		{1C7D8B90-33A0-44A6-AE68-6919987EA85E}.Release|Any CPU.ActiveCfg = Release|Any CPU
		{1C7D8B90-33A0-44A6-AE68-6919987EA85E}.Release|Any CPU.Build.0 = Release|Any CPU
		{1C7D8B90-33A0-44A6-AE68-6919987EA85E}.Release|ARM.ActiveCfg = Release|Any CPU
		{1C7D8B90-33A0-44A6-AE68-6919987EA85E}.Release|ARM.Build.0 = Release|Any CPU
		{1C7D8B90-33A0-44A6-AE68-6919987EA85E}.Release|x64.ActiveCfg = Release|Any CPU
		{1C7D8B90-33A0-44A6-AE68-6919987EA85E}.Release|x64.Build.0 = Release|Any CPU
		{1C7D8B90-33A0-44A6-AE68-6919987EA85E}.Release|x86.ActiveCfg = Release|Any CPU
		{1C7D8B90-33A0-44A6-AE68-6919987EA85E}.Release|x86.Build.0 = Release|Any CPU
		{927772DD-95B8-4B50-A188-25C2A9AACFCD}.Debug|Any CPU.ActiveCfg = Debug|Any CPU
		{927772DD-95B8-4B50-A188-25C2A9AACFCD}.Debug|Any CPU.Build.0 = Debug|Any CPU
		{927772DD-95B8-4B50-A188-25C2A9AACFCD}.Debug|ARM.ActiveCfg = Debug|Any CPU
		{927772DD-95B8-4B50-A188-25C2A9AACFCD}.Debug|ARM.Build.0 = Debug|Any CPU
		{927772DD-95B8-4B50-A188-25C2A9AACFCD}.Debug|x64.ActiveCfg = Debug|Any CPU
		{927772DD-95B8-4B50-A188-25C2A9AACFCD}.Debug|x64.Build.0 = Debug|Any CPU
		{927772DD-95B8-4B50-A188-25C2A9AACFCD}.Debug|x86.ActiveCfg = Debug|Any CPU
		{927772DD-95B8-4B50-A188-25C2A9AACFCD}.Debug|x86.Build.0 = Debug|Any CPU
		{927772DD-95B8-4B50-A188-25C2A9AACFCD}.Release|Any CPU.ActiveCfg = Release|Any CPU
		{927772DD-95B8-4B50-A188-25C2A9AACFCD}.Release|Any CPU.Build.0 = Release|Any CPU
		{927772DD-95B8-4B50-A188-25C2A9AACFCD}.Release|ARM.ActiveCfg = Release|Any CPU
		{927772DD-95B8-4B50-A188-25C2A9AACFCD}.Release|ARM.Build.0 = Release|Any CPU
		{927772DD-95B8-4B50-A188-25C2A9AACFCD}.Release|x64.ActiveCfg = Release|Any CPU
		{927772DD-95B8-4B50-A188-25C2A9AACFCD}.Release|x64.Build.0 = Release|Any CPU
		{927772DD-95B8-4B50-A188-25C2A9AACFCD}.Release|x86.ActiveCfg = Release|Any CPU
		{927772DD-95B8-4B50-A188-25C2A9AACFCD}.Release|x86.Build.0 = Release|Any CPU
		{28441FC0-34A1-4D57-B5EA-CEF8375425ED}.Debug|Any CPU.ActiveCfg = Debug|Any CPU
		{28441FC0-34A1-4D57-B5EA-CEF8375425ED}.Debug|Any CPU.Build.0 = Debug|Any CPU
		{28441FC0-34A1-4D57-B5EA-CEF8375425ED}.Debug|ARM.ActiveCfg = Debug|Any CPU
		{28441FC0-34A1-4D57-B5EA-CEF8375425ED}.Debug|ARM.Build.0 = Debug|Any CPU
		{28441FC0-34A1-4D57-B5EA-CEF8375425ED}.Debug|x64.ActiveCfg = Debug|Any CPU
		{28441FC0-34A1-4D57-B5EA-CEF8375425ED}.Debug|x64.Build.0 = Debug|Any CPU
		{28441FC0-34A1-4D57-B5EA-CEF8375425ED}.Debug|x86.ActiveCfg = Debug|Any CPU
		{28441FC0-34A1-4D57-B5EA-CEF8375425ED}.Debug|x86.Build.0 = Debug|Any CPU
		{28441FC0-34A1-4D57-B5EA-CEF8375425ED}.Release|Any CPU.ActiveCfg = Release|Any CPU
		{28441FC0-34A1-4D57-B5EA-CEF8375425ED}.Release|Any CPU.Build.0 = Release|Any CPU
		{28441FC0-34A1-4D57-B5EA-CEF8375425ED}.Release|ARM.ActiveCfg = Release|Any CPU
		{28441FC0-34A1-4D57-B5EA-CEF8375425ED}.Release|ARM.Build.0 = Release|Any CPU
		{28441FC0-34A1-4D57-B5EA-CEF8375425ED}.Release|x64.ActiveCfg = Release|Any CPU
		{28441FC0-34A1-4D57-B5EA-CEF8375425ED}.Release|x64.Build.0 = Release|Any CPU
		{28441FC0-34A1-4D57-B5EA-CEF8375425ED}.Release|x86.ActiveCfg = Release|Any CPU
		{28441FC0-34A1-4D57-B5EA-CEF8375425ED}.Release|x86.Build.0 = Release|Any CPU
		{B06261C1-C3C6-44A2-9D39-6316E439EAD8}.Debug|Any CPU.ActiveCfg = Debug|Any CPU
		{B06261C1-C3C6-44A2-9D39-6316E439EAD8}.Debug|Any CPU.Build.0 = Debug|Any CPU
		{B06261C1-C3C6-44A2-9D39-6316E439EAD8}.Debug|ARM.ActiveCfg = Debug|Any CPU
		{B06261C1-C3C6-44A2-9D39-6316E439EAD8}.Debug|ARM.Build.0 = Debug|Any CPU
		{B06261C1-C3C6-44A2-9D39-6316E439EAD8}.Debug|x64.ActiveCfg = Debug|Any CPU
		{B06261C1-C3C6-44A2-9D39-6316E439EAD8}.Debug|x64.Build.0 = Debug|Any CPU
		{B06261C1-C3C6-44A2-9D39-6316E439EAD8}.Debug|x86.ActiveCfg = Debug|Any CPU
		{B06261C1-C3C6-44A2-9D39-6316E439EAD8}.Debug|x86.Build.0 = Debug|Any CPU
		{B06261C1-C3C6-44A2-9D39-6316E439EAD8}.Release|Any CPU.ActiveCfg = Release|Any CPU
		{B06261C1-C3C6-44A2-9D39-6316E439EAD8}.Release|Any CPU.Build.0 = Release|Any CPU
		{B06261C1-C3C6-44A2-9D39-6316E439EAD8}.Release|ARM.ActiveCfg = Release|Any CPU
		{B06261C1-C3C6-44A2-9D39-6316E439EAD8}.Release|ARM.Build.0 = Release|Any CPU
		{B06261C1-C3C6-44A2-9D39-6316E439EAD8}.Release|x64.ActiveCfg = Release|Any CPU
		{B06261C1-C3C6-44A2-9D39-6316E439EAD8}.Release|x64.Build.0 = Release|Any CPU
		{B06261C1-C3C6-44A2-9D39-6316E439EAD8}.Release|x86.ActiveCfg = Release|Any CPU
		{B06261C1-C3C6-44A2-9D39-6316E439EAD8}.Release|x86.Build.0 = Release|Any CPU
		{035B721A-72C0-451C-8F57-E6ECA6DD3EFD}.Debug|Any CPU.ActiveCfg = Debug|Any CPU
		{035B721A-72C0-451C-8F57-E6ECA6DD3EFD}.Debug|Any CPU.Build.0 = Debug|Any CPU
		{035B721A-72C0-451C-8F57-E6ECA6DD3EFD}.Debug|ARM.ActiveCfg = Debug|Any CPU
		{035B721A-72C0-451C-8F57-E6ECA6DD3EFD}.Debug|ARM.Build.0 = Debug|Any CPU
		{035B721A-72C0-451C-8F57-E6ECA6DD3EFD}.Debug|x64.ActiveCfg = Debug|Any CPU
		{035B721A-72C0-451C-8F57-E6ECA6DD3EFD}.Debug|x64.Build.0 = Debug|Any CPU
		{035B721A-72C0-451C-8F57-E6ECA6DD3EFD}.Debug|x86.ActiveCfg = Debug|Any CPU
		{035B721A-72C0-451C-8F57-E6ECA6DD3EFD}.Debug|x86.Build.0 = Debug|Any CPU
		{035B721A-72C0-451C-8F57-E6ECA6DD3EFD}.Release|Any CPU.ActiveCfg = Release|Any CPU
		{035B721A-72C0-451C-8F57-E6ECA6DD3EFD}.Release|Any CPU.Build.0 = Release|Any CPU
		{035B721A-72C0-451C-8F57-E6ECA6DD3EFD}.Release|ARM.ActiveCfg = Release|Any CPU
		{035B721A-72C0-451C-8F57-E6ECA6DD3EFD}.Release|ARM.Build.0 = Release|Any CPU
		{035B721A-72C0-451C-8F57-E6ECA6DD3EFD}.Release|x64.ActiveCfg = Release|Any CPU
		{035B721A-72C0-451C-8F57-E6ECA6DD3EFD}.Release|x64.Build.0 = Release|Any CPU
		{035B721A-72C0-451C-8F57-E6ECA6DD3EFD}.Release|x86.ActiveCfg = Release|Any CPU
		{035B721A-72C0-451C-8F57-E6ECA6DD3EFD}.Release|x86.Build.0 = Release|Any CPU
		{2E13BB74-6BF5-4B69-966F-07B531403D08}.Debug|Any CPU.ActiveCfg = Debug|Any CPU
		{2E13BB74-6BF5-4B69-966F-07B531403D08}.Debug|Any CPU.Build.0 = Debug|Any CPU
		{2E13BB74-6BF5-4B69-966F-07B531403D08}.Debug|ARM.ActiveCfg = Debug|Any CPU
		{2E13BB74-6BF5-4B69-966F-07B531403D08}.Debug|ARM.Build.0 = Debug|Any CPU
		{2E13BB74-6BF5-4B69-966F-07B531403D08}.Debug|x64.ActiveCfg = Debug|Any CPU
		{2E13BB74-6BF5-4B69-966F-07B531403D08}.Debug|x64.Build.0 = Debug|Any CPU
		{2E13BB74-6BF5-4B69-966F-07B531403D08}.Debug|x86.ActiveCfg = Debug|Any CPU
		{2E13BB74-6BF5-4B69-966F-07B531403D08}.Debug|x86.Build.0 = Debug|Any CPU
		{2E13BB74-6BF5-4B69-966F-07B531403D08}.Release|Any CPU.ActiveCfg = Release|Any CPU
		{2E13BB74-6BF5-4B69-966F-07B531403D08}.Release|Any CPU.Build.0 = Release|Any CPU
		{2E13BB74-6BF5-4B69-966F-07B531403D08}.Release|ARM.ActiveCfg = Release|Any CPU
		{2E13BB74-6BF5-4B69-966F-07B531403D08}.Release|ARM.Build.0 = Release|Any CPU
		{2E13BB74-6BF5-4B69-966F-07B531403D08}.Release|x64.ActiveCfg = Release|Any CPU
		{2E13BB74-6BF5-4B69-966F-07B531403D08}.Release|x64.Build.0 = Release|Any CPU
		{2E13BB74-6BF5-4B69-966F-07B531403D08}.Release|x86.ActiveCfg = Release|Any CPU
		{2E13BB74-6BF5-4B69-966F-07B531403D08}.Release|x86.Build.0 = Release|Any CPU
		{D5EC8B7B-9255-41CA-85D6-A0DBA0CE7EA2}.Debug|Any CPU.ActiveCfg = Debug|Any CPU
		{D5EC8B7B-9255-41CA-85D6-A0DBA0CE7EA2}.Debug|Any CPU.Build.0 = Debug|Any CPU
		{D5EC8B7B-9255-41CA-85D6-A0DBA0CE7EA2}.Debug|ARM.ActiveCfg = Debug|Any CPU
		{D5EC8B7B-9255-41CA-85D6-A0DBA0CE7EA2}.Debug|ARM.Build.0 = Debug|Any CPU
		{D5EC8B7B-9255-41CA-85D6-A0DBA0CE7EA2}.Debug|x64.ActiveCfg = Debug|Any CPU
		{D5EC8B7B-9255-41CA-85D6-A0DBA0CE7EA2}.Debug|x64.Build.0 = Debug|Any CPU
		{D5EC8B7B-9255-41CA-85D6-A0DBA0CE7EA2}.Debug|x86.ActiveCfg = Debug|Any CPU
		{D5EC8B7B-9255-41CA-85D6-A0DBA0CE7EA2}.Debug|x86.Build.0 = Debug|Any CPU
		{D5EC8B7B-9255-41CA-85D6-A0DBA0CE7EA2}.Release|Any CPU.ActiveCfg = Debug|Any CPU
		{D5EC8B7B-9255-41CA-85D6-A0DBA0CE7EA2}.Release|Any CPU.Build.0 = Debug|Any CPU
		{D5EC8B7B-9255-41CA-85D6-A0DBA0CE7EA2}.Release|ARM.ActiveCfg = Debug|Any CPU
		{D5EC8B7B-9255-41CA-85D6-A0DBA0CE7EA2}.Release|ARM.Build.0 = Debug|Any CPU
		{D5EC8B7B-9255-41CA-85D6-A0DBA0CE7EA2}.Release|x64.ActiveCfg = Debug|Any CPU
		{D5EC8B7B-9255-41CA-85D6-A0DBA0CE7EA2}.Release|x64.Build.0 = Debug|Any CPU
		{D5EC8B7B-9255-41CA-85D6-A0DBA0CE7EA2}.Release|x86.ActiveCfg = Debug|Any CPU
		{D5EC8B7B-9255-41CA-85D6-A0DBA0CE7EA2}.Release|x86.Build.0 = Debug|Any CPU
	EndGlobalSection
	GlobalSection(SolutionProperties) = preSolution
		HideSolutionNode = FALSE
	EndGlobalSection
EndGlobal
